// !$*UTF8*$!
{
	archiveVersion = 1;
	classes = {
	};
	objectVersion = 56;
	objects = {

/* Begin PBXBuildFile section */
		07100A3C2D1EC9D9002559FF /* Layla.storyboard in Resources */ = {isa = PBXBuildFile; fileRef = 07100A3B2D1EC9D9002559FF /* Layla.storyboard */; };
		073A304B2D18A2FF002347B1 /* SignUpViewController.swift in Sources */ = {isa = PBXBuildFile; fileRef = 073A304A2D18A2FF002347B1 /* SignUpViewController.swift */; };
		073A304D2D18A3A5002347B1 /* EventOrganizer.swift in Sources */ = {isa = PBXBuildFile; fileRef = 073A304C2D18A3A4002347B1 /* EventOrganizer.swift */; };
		073A304F2D18A3D5002347B1 /* User.swift in Sources */ = {isa = PBXBuildFile; fileRef = 073A304E2D18A3D5002347B1 /* User.swift */; };
		073A30512D18A411002347B1 /* User1.swift in Sources */ = {isa = PBXBuildFile; fileRef = 073A30502D18A411002347B1 /* User1.swift */; };
		073A30532D18A441002347B1 /* enums.swift in Sources */ = {isa = PBXBuildFile; fileRef = 073A30522D18A441002347B1 /* enums.swift */; };
		073A30552D18A4FD002347B1 /* AppData.swift in Sources */ = {isa = PBXBuildFile; fileRef = 073A30542D18A4FD002347B1 /* AppData.swift */; };
		073A30592D18B026002347B1 /* GoogleService-Info.plist in Resources */ = {isa = PBXBuildFile; fileRef = 073A30582D18B026002347B1 /* GoogleService-Info.plist */; };
		07802ECC2D1F5AFD00916BA0 /* EventManager.swift in Sources */ = {isa = PBXBuildFile; fileRef = 07802ECB2D1F5AFD00916BA0 /* EventManager.swift */; };
		078388032D1DD911008B4752 /* LogInViewController.swift in Sources */ = {isa = PBXBuildFile; fileRef = 078388022D1DD911008B4752 /* LogInViewController.swift */; };
		078388052D1DEF21008B4752 /* AdminHomeViewController.swift in Sources */ = {isa = PBXBuildFile; fileRef = 078388042D1DEF21008B4752 /* AdminHomeViewController.swift */; };
		078388072D1DEF50008B4752 /* EventOrganizerHomeViewController.swift in Sources */ = {isa = PBXBuildFile; fileRef = 078388062D1DEF50008B4752 /* EventOrganizerHomeViewController.swift */; };
		078388092D1DEF7B008B4752 /* UserHomeViewController.swift in Sources */ = {isa = PBXBuildFile; fileRef = 078388082D1DEF7B008B4752 /* UserHomeViewController.swift */; };
		0788B1A72D1FC76E00B69650 /* CreateEventViewController.swift in Sources */ = {isa = PBXBuildFile; fileRef = 0788B1A62D1FC76E00B69650 /* CreateEventViewController.swift */; };
		0788B1A92D1FC86200B69650 /* createEventVC.swift in Sources */ = {isa = PBXBuildFile; fileRef = 0788B1A82D1FC86200B69650 /* createEventVC.swift */; };
		0788B1AB2D1FCF4600B69650 /* RegistrationViewController.swift in Sources */ = {isa = PBXBuildFile; fileRef = 0788B1AA2D1FCF4600B69650 /* RegistrationViewController.swift */; };
		07C459FF2D1C7F1B00932A95 /* HomeViewController.swift in Sources */ = {isa = PBXBuildFile; fileRef = 07C459FE2D1C7F1B00932A95 /* HomeViewController.swift */; };
		07DE196C2D23D90000FEFA98 /* Cloudinary in Frameworks */ = {isa = PBXBuildFile; productRef = 07DE196B2D23D90000FEFA98 /* Cloudinary */; };
		07DE19722D24458D00FEFA98 /* GlobalUser.swift in Sources */ = {isa = PBXBuildFile; fileRef = 07DE19712D24458D00FEFA98 /* GlobalUser.swift */; };
		07DE19742D24B00D00FEFA98 /* Reminder Manager.swift in Sources */ = {isa = PBXBuildFile; fileRef = 07DE19732D24B00C00FEFA98 /* Reminder Manager.swift */; };
		07DE19762D2543BA00FEFA98 /* NotificationCell.swift in Sources */ = {isa = PBXBuildFile; fileRef = 07DE19752D2543BA00FEFA98 /* NotificationCell.swift */; };
		07DE19782D25651200FEFA98 /* EventTableViewCell.swift in Sources */ = {isa = PBXBuildFile; fileRef = 07DE19772D25651200FEFA98 /* EventTableViewCell.swift */; };
		07F7A9A62D1ED4CB00E15766 /* AppNotification.swift in Sources */ = {isa = PBXBuildFile; fileRef = 07F7A9A52D1ED4CB00E15766 /* AppNotification.swift */; };
		07F7A9AA2D1ED50D00E15766 /* NotificationManager.swift in Sources */ = {isa = PBXBuildFile; fileRef = 07F7A9A92D1ED50D00E15766 /* NotificationManager.swift */; };
		07F7A9B02D1ED64300E15766 /* Event.swift in Sources */ = {isa = PBXBuildFile; fileRef = 07F7A9AF2D1ED64300E15766 /* Event.swift */; };
		07F7A9B42D1EE6BD00E15766 /* NotificationViewController.swift in Sources */ = {isa = PBXBuildFile; fileRef = 07F7A9B32D1EE6BD00E15766 /* NotificationViewController.swift */; };
		D5A8C8702CF5FC0E004299BC /* FirebaseAnalytics in Frameworks */ = {isa = PBXBuildFile; productRef = D5A8C86F2CF5FC0E004299BC /* FirebaseAnalytics */; };
		D5A8C8722CF5FC0E004299BC /* FirebaseAnalyticsOnDeviceConversion in Frameworks */ = {isa = PBXBuildFile; productRef = D5A8C8712CF5FC0E004299BC /* FirebaseAnalyticsOnDeviceConversion */; };
		D5A8C8742CF5FC0E004299BC /* FirebaseAnalyticsWithoutAdIdSupport in Frameworks */ = {isa = PBXBuildFile; productRef = D5A8C8732CF5FC0E004299BC /* FirebaseAnalyticsWithoutAdIdSupport */; };
		D5A8C8762CF5FC0E004299BC /* FirebaseAppCheck in Frameworks */ = {isa = PBXBuildFile; productRef = D5A8C8752CF5FC0E004299BC /* FirebaseAppCheck */; };
		D5A8C8782CF5FC0E004299BC /* FirebaseAppDistribution-Beta in Frameworks */ = {isa = PBXBuildFile; productRef = D5A8C8772CF5FC0E004299BC /* FirebaseAppDistribution-Beta */; };
		D5A8C87A2CF5FC0E004299BC /* FirebaseAuth in Frameworks */ = {isa = PBXBuildFile; productRef = D5A8C8792CF5FC0E004299BC /* FirebaseAuth */; };
		D5A8C87C2CF5FC0E004299BC /* FirebaseAuthCombine-Community in Frameworks */ = {isa = PBXBuildFile; productRef = D5A8C87B2CF5FC0E004299BC /* FirebaseAuthCombine-Community */; };
		D5A8C87E2CF5FC0E004299BC /* FirebaseCore in Frameworks */ = {isa = PBXBuildFile; productRef = D5A8C87D2CF5FC0E004299BC /* FirebaseCore */; };
		D5A8C8802CF5FC0E004299BC /* FirebaseCrashlytics in Frameworks */ = {isa = PBXBuildFile; productRef = D5A8C87F2CF5FC0E004299BC /* FirebaseCrashlytics */; };
		D5A8C8822CF5FC0E004299BC /* FirebaseDatabase in Frameworks */ = {isa = PBXBuildFile; productRef = D5A8C8812CF5FC0E004299BC /* FirebaseDatabase */; };
		D5A8C8842CF5FC0E004299BC /* FirebaseDynamicLinks in Frameworks */ = {isa = PBXBuildFile; productRef = D5A8C8832CF5FC0E004299BC /* FirebaseDynamicLinks */; };
		D5A8C8862CF5FC0E004299BC /* FirebaseFirestore in Frameworks */ = {isa = PBXBuildFile; productRef = D5A8C8852CF5FC0E004299BC /* FirebaseFirestore */; };
		D5A8C8882CF5FC0E004299BC /* FirebaseFirestoreCombine-Community in Frameworks */ = {isa = PBXBuildFile; productRef = D5A8C8872CF5FC0E004299BC /* FirebaseFirestoreCombine-Community */; };
		D5A8C88A2CF5FC0E004299BC /* FirebaseFunctions in Frameworks */ = {isa = PBXBuildFile; productRef = D5A8C8892CF5FC0E004299BC /* FirebaseFunctions */; };
		D5A8C88C2CF5FC0E004299BC /* FirebaseFunctionsCombine-Community in Frameworks */ = {isa = PBXBuildFile; productRef = D5A8C88B2CF5FC0E004299BC /* FirebaseFunctionsCombine-Community */; };
		D5A8C88E2CF5FC0E004299BC /* FirebaseInAppMessaging-Beta in Frameworks */ = {isa = PBXBuildFile; productRef = D5A8C88D2CF5FC0E004299BC /* FirebaseInAppMessaging-Beta */; };
		D5A8C8902CF5FC0E004299BC /* FirebaseInstallations in Frameworks */ = {isa = PBXBuildFile; productRef = D5A8C88F2CF5FC0E004299BC /* FirebaseInstallations */; };
		D5A8C8922CF5FC0E004299BC /* FirebaseMLModelDownloader in Frameworks */ = {isa = PBXBuildFile; productRef = D5A8C8912CF5FC0E004299BC /* FirebaseMLModelDownloader */; };
		D5A8C8942CF5FC0E004299BC /* FirebaseMessaging in Frameworks */ = {isa = PBXBuildFile; productRef = D5A8C8932CF5FC0E004299BC /* FirebaseMessaging */; };
		D5A8C8962CF5FC0E004299BC /* FirebasePerformance in Frameworks */ = {isa = PBXBuildFile; productRef = D5A8C8952CF5FC0E004299BC /* FirebasePerformance */; };
		D5A8C8982CF5FC0E004299BC /* FirebaseRemoteConfig in Frameworks */ = {isa = PBXBuildFile; productRef = D5A8C8972CF5FC0E004299BC /* FirebaseRemoteConfig */; };
		D5A8C89A2CF5FC0E004299BC /* FirebaseStorage in Frameworks */ = {isa = PBXBuildFile; productRef = D5A8C8992CF5FC0E004299BC /* FirebaseStorage */; };
		D5A8C89C2CF5FC0E004299BC /* FirebaseStorageCombine-Community in Frameworks */ = {isa = PBXBuildFile; productRef = D5A8C89B2CF5FC0E004299BC /* FirebaseStorageCombine-Community */; };
		D5A8C89E2CF5FC0E004299BC /* FirebaseVertexAI in Frameworks */ = {isa = PBXBuildFile; productRef = D5A8C89D2CF5FC0E004299BC /* FirebaseVertexAI */; };
		D5BB85572CF45A9C001082C0 /* AppDelegate.swift in Sources */ = {isa = PBXBuildFile; fileRef = D5BB85562CF45A9C001082C0 /* AppDelegate.swift */; };
		D5BB85592CF45A9C001082C0 /* SceneDelegate.swift in Sources */ = {isa = PBXBuildFile; fileRef = D5BB85582CF45A9C001082C0 /* SceneDelegate.swift */; };
		D5BB855B2CF45A9C001082C0 /* ViewController.swift in Sources */ = {isa = PBXBuildFile; fileRef = D5BB855A2CF45A9C001082C0 /* ViewController.swift */; };
		D5BB855E2CF45A9D001082C0 /* Main.storyboard in Resources */ = {isa = PBXBuildFile; fileRef = D5BB855C2CF45A9D001082C0 /* Main.storyboard */; };
		D5BB85602CF45A9E001082C0 /* Assets.xcassets in Resources */ = {isa = PBXBuildFile; fileRef = D5BB855F2CF45A9E001082C0 /* Assets.xcassets */; };
		D5BB85632CF45A9E001082C0 /* LaunchScreen.storyboard in Resources */ = {isa = PBXBuildFile; fileRef = D5BB85612CF45A9E001082C0 /* LaunchScreen.storyboard */; };
/* End PBXBuildFile section */

/* Begin PBXFileReference section */
		07100A3B2D1EC9D9002559FF /* Layla.storyboard */ = {isa = PBXFileReference; lastKnownFileType = file.storyboard; path = Layla.storyboard; sourceTree = "<group>"; };
		073A304A2D18A2FF002347B1 /* SignUpViewController.swift */ = {isa = PBXFileReference; lastKnownFileType = sourcecode.swift; path = SignUpViewController.swift; sourceTree = "<group>"; };
		073A304C2D18A3A4002347B1 /* EventOrganizer.swift */ = {isa = PBXFileReference; lastKnownFileType = sourcecode.swift; path = EventOrganizer.swift; sourceTree = "<group>"; };
		073A304E2D18A3D5002347B1 /* User.swift */ = {isa = PBXFileReference; lastKnownFileType = sourcecode.swift; path = User.swift; sourceTree = "<group>"; };
		073A30502D18A411002347B1 /* User1.swift */ = {isa = PBXFileReference; lastKnownFileType = sourcecode.swift; path = User1.swift; sourceTree = "<group>"; };
		073A30522D18A441002347B1 /* enums.swift */ = {isa = PBXFileReference; lastKnownFileType = sourcecode.swift; path = enums.swift; sourceTree = "<group>"; };
		073A30542D18A4FD002347B1 /* AppData.swift */ = {isa = PBXFileReference; lastKnownFileType = sourcecode.swift; path = AppData.swift; sourceTree = "<group>"; };
		073A30582D18B026002347B1 /* GoogleService-Info.plist */ = {isa = PBXFileReference; fileEncoding = 4; lastKnownFileType = text.plist.xml; path = "GoogleService-Info.plist"; sourceTree = "<group>"; };
		07802ECB2D1F5AFD00916BA0 /* EventManager.swift */ = {isa = PBXFileReference; lastKnownFileType = sourcecode.swift; path = EventManager.swift; sourceTree = "<group>"; };
		078388022D1DD911008B4752 /* LogInViewController.swift */ = {isa = PBXFileReference; lastKnownFileType = sourcecode.swift; path = LogInViewController.swift; sourceTree = "<group>"; };
		078388042D1DEF21008B4752 /* AdminHomeViewController.swift */ = {isa = PBXFileReference; lastKnownFileType = sourcecode.swift; path = AdminHomeViewController.swift; sourceTree = "<group>"; };
		078388062D1DEF50008B4752 /* EventOrganizerHomeViewController.swift */ = {isa = PBXFileReference; lastKnownFileType = sourcecode.swift; path = EventOrganizerHomeViewController.swift; sourceTree = "<group>"; };
		078388082D1DEF7B008B4752 /* UserHomeViewController.swift */ = {isa = PBXFileReference; lastKnownFileType = sourcecode.swift; path = UserHomeViewController.swift; sourceTree = "<group>"; };
		0788B1A62D1FC76E00B69650 /* CreateEventViewController.swift */ = {isa = PBXFileReference; lastKnownFileType = sourcecode.swift; path = CreateEventViewController.swift; sourceTree = "<group>"; };
		0788B1A82D1FC86200B69650 /* createEventVC.swift */ = {isa = PBXFileReference; lastKnownFileType = sourcecode.swift; path = createEventVC.swift; sourceTree = "<group>"; };
		0788B1AA2D1FCF4600B69650 /* RegistrationViewController.swift */ = {isa = PBXFileReference; lastKnownFileType = sourcecode.swift; path = RegistrationViewController.swift; sourceTree = "<group>"; };
		07C459FE2D1C7F1B00932A95 /* HomeViewController.swift */ = {isa = PBXFileReference; lastKnownFileType = sourcecode.swift; path = HomeViewController.swift; sourceTree = "<group>"; };
		07DE19712D24458D00FEFA98 /* GlobalUser.swift */ = {isa = PBXFileReference; lastKnownFileType = sourcecode.swift; path = GlobalUser.swift; sourceTree = "<group>"; };
		07DE19732D24B00C00FEFA98 /* Reminder Manager.swift */ = {isa = PBXFileReference; lastKnownFileType = sourcecode.swift; path = "Reminder Manager.swift"; sourceTree = "<group>"; };
		07DE19752D2543BA00FEFA98 /* NotificationCell.swift */ = {isa = PBXFileReference; lastKnownFileType = sourcecode.swift; path = NotificationCell.swift; sourceTree = "<group>"; };
		07DE19772D25651200FEFA98 /* EventTableViewCell.swift */ = {isa = PBXFileReference; lastKnownFileType = sourcecode.swift; path = EventTableViewCell.swift; sourceTree = "<group>"; };
		07F7A9A52D1ED4CB00E15766 /* AppNotification.swift */ = {isa = PBXFileReference; lastKnownFileType = sourcecode.swift; path = AppNotification.swift; sourceTree = "<group>"; };
		07F7A9A92D1ED50D00E15766 /* NotificationManager.swift */ = {isa = PBXFileReference; lastKnownFileType = sourcecode.swift; path = NotificationManager.swift; sourceTree = "<group>"; };
		07F7A9AF2D1ED64300E15766 /* Event.swift */ = {isa = PBXFileReference; lastKnownFileType = sourcecode.swift; path = Event.swift; sourceTree = "<group>"; };
		07F7A9B32D1EE6BD00E15766 /* NotificationViewController.swift */ = {isa = PBXFileReference; lastKnownFileType = sourcecode.swift; path = NotificationViewController.swift; sourceTree = "<group>"; };
		D5BB85532CF45A9C001082C0 /* Glow_event.app */ = {isa = PBXFileReference; explicitFileType = wrapper.application; includeInIndex = 0; path = Glow_event.app; sourceTree = BUILT_PRODUCTS_DIR; };
		D5BB85562CF45A9C001082C0 /* AppDelegate.swift */ = {isa = PBXFileReference; lastKnownFileType = sourcecode.swift; path = AppDelegate.swift; sourceTree = "<group>"; };
		D5BB85582CF45A9C001082C0 /* SceneDelegate.swift */ = {isa = PBXFileReference; lastKnownFileType = sourcecode.swift; path = SceneDelegate.swift; sourceTree = "<group>"; };
		D5BB855A2CF45A9C001082C0 /* ViewController.swift */ = {isa = PBXFileReference; lastKnownFileType = sourcecode.swift; path = ViewController.swift; sourceTree = "<group>"; };
		D5BB855D2CF45A9D001082C0 /* Base */ = {isa = PBXFileReference; lastKnownFileType = file.storyboard; name = Base; path = Base.lproj/Main.storyboard; sourceTree = "<group>"; };
		D5BB855F2CF45A9E001082C0 /* Assets.xcassets */ = {isa = PBXFileReference; lastKnownFileType = folder.assetcatalog; path = Assets.xcassets; sourceTree = "<group>"; };
		D5BB85622CF45A9E001082C0 /* Base */ = {isa = PBXFileReference; lastKnownFileType = file.storyboard; name = Base; path = Base.lproj/LaunchScreen.storyboard; sourceTree = "<group>"; };
		D5BB85642CF45A9E001082C0 /* Info.plist */ = {isa = PBXFileReference; lastKnownFileType = text.plist.xml; path = Info.plist; sourceTree = "<group>"; };
/* End PBXFileReference section */

/* Begin PBXFrameworksBuildPhase section */
		D5BB85502CF45A9C001082C0 /* Frameworks */ = {
			isa = PBXFrameworksBuildPhase;
			buildActionMask = 2147483647;
			files = (
				D5A8C8882CF5FC0E004299BC /* FirebaseFirestoreCombine-Community in Frameworks */,
				D5A8C89E2CF5FC0E004299BC /* FirebaseVertexAI in Frameworks */,
				D5A8C88A2CF5FC0E004299BC /* FirebaseFunctions in Frameworks */,
				D5A8C8962CF5FC0E004299BC /* FirebasePerformance in Frameworks */,
				D5A8C89C2CF5FC0E004299BC /* FirebaseStorageCombine-Community in Frameworks */,
				D5A8C8982CF5FC0E004299BC /* FirebaseRemoteConfig in Frameworks */,
				D5A8C8822CF5FC0E004299BC /* FirebaseDatabase in Frameworks */,
				D5A8C8842CF5FC0E004299BC /* FirebaseDynamicLinks in Frameworks */,
				D5A8C8762CF5FC0E004299BC /* FirebaseAppCheck in Frameworks */,
				D5A8C87A2CF5FC0E004299BC /* FirebaseAuth in Frameworks */,
				D5A8C8702CF5FC0E004299BC /* FirebaseAnalytics in Frameworks */,
				D5A8C8862CF5FC0E004299BC /* FirebaseFirestore in Frameworks */,
				D5A8C8942CF5FC0E004299BC /* FirebaseMessaging in Frameworks */,
				D5A8C8902CF5FC0E004299BC /* FirebaseInstallations in Frameworks */,
				D5A8C88C2CF5FC0E004299BC /* FirebaseFunctionsCombine-Community in Frameworks */,
				D5A8C8782CF5FC0E004299BC /* FirebaseAppDistribution-Beta in Frameworks */,
				D5A8C8742CF5FC0E004299BC /* FirebaseAnalyticsWithoutAdIdSupport in Frameworks */,
				D5A8C88E2CF5FC0E004299BC /* FirebaseInAppMessaging-Beta in Frameworks */,
				D5A8C87C2CF5FC0E004299BC /* FirebaseAuthCombine-Community in Frameworks */,
				D5A8C8802CF5FC0E004299BC /* FirebaseCrashlytics in Frameworks */,
				D5A8C8922CF5FC0E004299BC /* FirebaseMLModelDownloader in Frameworks */,
				D5A8C89A2CF5FC0E004299BC /* FirebaseStorage in Frameworks */,
				07DE196C2D23D90000FEFA98 /* Cloudinary in Frameworks */,
				D5A8C87E2CF5FC0E004299BC /* FirebaseCore in Frameworks */,
				D5A8C8722CF5FC0E004299BC /* FirebaseAnalyticsOnDeviceConversion in Frameworks */,
			);
			runOnlyForDeploymentPostprocessing = 0;
		};
/* End PBXFrameworksBuildPhase section */

/* Begin PBXGroup section */
		D5BB854A2CF45A9C001082C0 = {
			isa = PBXGroup;
			children = (
				D5BB85552CF45A9C001082C0 /* Glow_event */,
				D5BB85542CF45A9C001082C0 /* Products */,
			);
			sourceTree = "<group>";
		};
		D5BB85542CF45A9C001082C0 /* Products */ = {
			isa = PBXGroup;
			children = (
				D5BB85532CF45A9C001082C0 /* Glow_event.app */,
			);
			name = Products;
			sourceTree = "<group>";
		};
		D5BB85552CF45A9C001082C0 /* Glow_event */ = {
			isa = PBXGroup;
			children = (
				D5BB85562CF45A9C001082C0 /* AppDelegate.swift */,
				D5BB85582CF45A9C001082C0 /* SceneDelegate.swift */,
				D5BB855A2CF45A9C001082C0 /* ViewController.swift */,
				D5BB855C2CF45A9D001082C0 /* Main.storyboard */,
				D5BB855F2CF45A9E001082C0 /* Assets.xcassets */,
				D5BB85612CF45A9E001082C0 /* LaunchScreen.storyboard */,
				073A30582D18B026002347B1 /* GoogleService-Info.plist */,
				D5BB85642CF45A9E001082C0 /* Info.plist */,
				073A304A2D18A2FF002347B1 /* SignUpViewController.swift */,
				073A304C2D18A3A4002347B1 /* EventOrganizer.swift */,
				073A304E2D18A3D5002347B1 /* User.swift */,
				073A30502D18A411002347B1 /* User1.swift */,
				073A30522D18A441002347B1 /* enums.swift */,
				073A30542D18A4FD002347B1 /* AppData.swift */,
				07C459FE2D1C7F1B00932A95 /* HomeViewController.swift */,
				078388022D1DD911008B4752 /* LogInViewController.swift */,
				078388042D1DEF21008B4752 /* AdminHomeViewController.swift */,
				078388062D1DEF50008B4752 /* EventOrganizerHomeViewController.swift */,
				078388082D1DEF7B008B4752 /* UserHomeViewController.swift */,
				07100A3B2D1EC9D9002559FF /* Layla.storyboard */,
				07F7A9A52D1ED4CB00E15766 /* AppNotification.swift */,
				07F7A9A92D1ED50D00E15766 /* NotificationManager.swift */,
				07F7A9AF2D1ED64300E15766 /* Event.swift */,
				07F7A9B32D1EE6BD00E15766 /* NotificationViewController.swift */,
				07802ECB2D1F5AFD00916BA0 /* EventManager.swift */,
				0788B1A62D1FC76E00B69650 /* CreateEventViewController.swift */,
				0788B1A82D1FC86200B69650 /* createEventVC.swift */,
				0788B1AA2D1FCF4600B69650 /* RegistrationViewController.swift */,
				07DE19712D24458D00FEFA98 /* GlobalUser.swift */,
				07DE19732D24B00C00FEFA98 /* Reminder Manager.swift */,
				07DE19752D2543BA00FEFA98 /* NotificationCell.swift */,
				07DE19772D25651200FEFA98 /* EventTableViewCell.swift */,
			);
			path = Glow_event;
			sourceTree = "<group>";
		};
/* End PBXGroup section */

/* Begin PBXNativeTarget section */
		D5BB85522CF45A9C001082C0 /* Glow_event */ = {
			isa = PBXNativeTarget;
			buildConfigurationList = D5BB85672CF45A9E001082C0 /* Build configuration list for PBXNativeTarget "Glow_event" */;
			buildPhases = (
				D5BB854F2CF45A9C001082C0 /* Sources */,
				D5BB85502CF45A9C001082C0 /* Frameworks */,
				D5BB85512CF45A9C001082C0 /* Resources */,
			);
			buildRules = (
			);
			dependencies = (
			);
			name = Glow_event;
			packageProductDependencies = (
				D5A8C86F2CF5FC0E004299BC /* FirebaseAnalytics */,
				D5A8C8712CF5FC0E004299BC /* FirebaseAnalyticsOnDeviceConversion */,
				D5A8C8732CF5FC0E004299BC /* FirebaseAnalyticsWithoutAdIdSupport */,
				D5A8C8752CF5FC0E004299BC /* FirebaseAppCheck */,
				D5A8C8772CF5FC0E004299BC /* FirebaseAppDistribution-Beta */,
				D5A8C8792CF5FC0E004299BC /* FirebaseAuth */,
				D5A8C87B2CF5FC0E004299BC /* FirebaseAuthCombine-Community */,
				D5A8C87D2CF5FC0E004299BC /* FirebaseCore */,
				D5A8C87F2CF5FC0E004299BC /* FirebaseCrashlytics */,
				D5A8C8812CF5FC0E004299BC /* FirebaseDatabase */,
				D5A8C8832CF5FC0E004299BC /* FirebaseDynamicLinks */,
				D5A8C8852CF5FC0E004299BC /* FirebaseFirestore */,
				D5A8C8872CF5FC0E004299BC /* FirebaseFirestoreCombine-Community */,
				D5A8C8892CF5FC0E004299BC /* FirebaseFunctions */,
				D5A8C88B2CF5FC0E004299BC /* FirebaseFunctionsCombine-Community */,
				D5A8C88D2CF5FC0E004299BC /* FirebaseInAppMessaging-Beta */,
				D5A8C88F2CF5FC0E004299BC /* FirebaseInstallations */,
				D5A8C8912CF5FC0E004299BC /* FirebaseMLModelDownloader */,
				D5A8C8932CF5FC0E004299BC /* FirebaseMessaging */,
				D5A8C8952CF5FC0E004299BC /* FirebasePerformance */,
				D5A8C8972CF5FC0E004299BC /* FirebaseRemoteConfig */,
				D5A8C8992CF5FC0E004299BC /* FirebaseStorage */,
				D5A8C89B2CF5FC0E004299BC /* FirebaseStorageCombine-Community */,
				D5A8C89D2CF5FC0E004299BC /* FirebaseVertexAI */,
				07DE196B2D23D90000FEFA98 /* Cloudinary */,
			);
			productName = Glow_event;
			productReference = D5BB85532CF45A9C001082C0 /* Glow_event.app */;
			productType = "com.apple.product-type.application";
		};
/* End PBXNativeTarget section */

/* Begin PBXProject section */
		D5BB854B2CF45A9C001082C0 /* Project object */ = {
			isa = PBXProject;
			attributes = {
				BuildIndependentTargetsInParallel = 1;
				LastSwiftUpdateCheck = 1520;
				LastUpgradeCheck = 1520;
				TargetAttributes = {
					D5BB85522CF45A9C001082C0 = {
						CreatedOnToolsVersion = 15.2;
					};
				};
			};
			buildConfigurationList = D5BB854E2CF45A9C001082C0 /* Build configuration list for PBXProject "Glow_event" */;
			compatibilityVersion = "Xcode 14.0";
			developmentRegion = en;
			hasScannedForEncodings = 0;
			knownRegions = (
				en,
				Base,
			);
			mainGroup = D5BB854A2CF45A9C001082C0;
			packageReferences = (
				D5A8C86E2CF5FC0E004299BC /* XCRemoteSwiftPackageReference "firebase-ios-sdk" */,
				07DE196A2D23D90000FEFA98 /* XCRemoteSwiftPackageReference "cloudinary_ios" */,
			);
			productRefGroup = D5BB85542CF45A9C001082C0 /* Products */;
			projectDirPath = "";
			projectRoot = "";
			targets = (
				D5BB85522CF45A9C001082C0 /* Glow_event */,
			);
		};
/* End PBXProject section */

/* Begin PBXResourcesBuildPhase section */
		D5BB85512CF45A9C001082C0 /* Resources */ = {
			isa = PBXResourcesBuildPhase;
			buildActionMask = 2147483647;
			files = (
				D5BB85632CF45A9E001082C0 /* LaunchScreen.storyboard in Resources */,
				07100A3C2D1EC9D9002559FF /* Layla.storyboard in Resources */,
				073A30592D18B026002347B1 /* GoogleService-Info.plist in Resources */,
				D5BB85602CF45A9E001082C0 /* Assets.xcassets in Resources */,
				D5BB855E2CF45A9D001082C0 /* Main.storyboard in Resources */,
			);
			runOnlyForDeploymentPostprocessing = 0;
		};
/* End PBXResourcesBuildPhase section */

/* Begin PBXSourcesBuildPhase section */
		D5BB854F2CF45A9C001082C0 /* Sources */ = {
			isa = PBXSourcesBuildPhase;
			buildActionMask = 2147483647;
			files = (
				078388092D1DEF7B008B4752 /* UserHomeViewController.swift in Sources */,
				07F7A9AA2D1ED50D00E15766 /* NotificationManager.swift in Sources */,
				07802ECC2D1F5AFD00916BA0 /* EventManager.swift in Sources */,
				07DE19782D25651200FEFA98 /* EventTableViewCell.swift in Sources */,
				07DE19722D24458D00FEFA98 /* GlobalUser.swift in Sources */,
				073A304D2D18A3A5002347B1 /* EventOrganizer.swift in Sources */,
				07F7A9A62D1ED4CB00E15766 /* AppNotification.swift in Sources */,
				07F7A9B02D1ED64300E15766 /* Event.swift in Sources */,
				0788B1A72D1FC76E00B69650 /* CreateEventViewController.swift in Sources */,
				07DE19762D2543BA00FEFA98 /* NotificationCell.swift in Sources */,
				D5BB855B2CF45A9C001082C0 /* ViewController.swift in Sources */,
				078388032D1DD911008B4752 /* LogInViewController.swift in Sources */,
				073A30512D18A411002347B1 /* User1.swift in Sources */,
				073A304F2D18A3D5002347B1 /* User.swift in Sources */,
				D5BB85572CF45A9C001082C0 /* AppDelegate.swift in Sources */,
				07C459FF2D1C7F1B00932A95 /* HomeViewController.swift in Sources */,
				0788B1A92D1FC86200B69650 /* createEventVC.swift in Sources */,
				07DE19742D24B00D00FEFA98 /* Reminder Manager.swift in Sources */,
				073A304B2D18A2FF002347B1 /* SignUpViewController.swift in Sources */,
				078388072D1DEF50008B4752 /* EventOrganizerHomeViewController.swift in Sources */,
				073A30532D18A441002347B1 /* enums.swift in Sources */,
				0788B1AB2D1FCF4600B69650 /* RegistrationViewController.swift in Sources */,
				078388052D1DEF21008B4752 /* AdminHomeViewController.swift in Sources */,
				07F7A9B42D1EE6BD00E15766 /* NotificationViewController.swift in Sources */,
				D5BB85592CF45A9C001082C0 /* SceneDelegate.swift in Sources */,
				073A30552D18A4FD002347B1 /* AppData.swift in Sources */,
			);
			runOnlyForDeploymentPostprocessing = 0;
		};
/* End PBXSourcesBuildPhase section */

/* Begin PBXVariantGroup section */
		D5BB855C2CF45A9D001082C0 /* Main.storyboard */ = {
			isa = PBXVariantGroup;
			children = (
				D5BB855D2CF45A9D001082C0 /* Base */,
			);
			name = Main.storyboard;
			sourceTree = "<group>";
		};
		D5BB85612CF45A9E001082C0 /* LaunchScreen.storyboard */ = {
			isa = PBXVariantGroup;
			children = (
				D5BB85622CF45A9E001082C0 /* Base */,
			);
			name = LaunchScreen.storyboard;
			sourceTree = "<group>";
		};
/* End PBXVariantGroup section */

/* Begin XCBuildConfiguration section */
		D5BB85652CF45A9E001082C0 /* Debug */ = {
			isa = XCBuildConfiguration;
			buildSettings = {
				ALWAYS_SEARCH_USER_PATHS = NO;
				ASSETCATALOG_COMPILER_GENERATE_SWIFT_ASSET_SYMBOL_EXTENSIONS = YES;
				CLANG_ANALYZER_NONNULL = YES;
				CLANG_ANALYZER_NUMBER_OBJECT_CONVERSION = YES_AGGRESSIVE;
				CLANG_CXX_LANGUAGE_STANDARD = "gnu++20";
				CLANG_ENABLE_MODULES = YES;
				CLANG_ENABLE_OBJC_ARC = YES;
				CLANG_ENABLE_OBJC_WEAK = YES;
				CLANG_WARN_BLOCK_CAPTURE_AUTORELEASING = YES;
				CLANG_WARN_BOOL_CONVERSION = YES;
				CLANG_WARN_COMMA = YES;
				CLANG_WARN_CONSTANT_CONVERSION = YES;
				CLANG_WARN_DEPRECATED_OBJC_IMPLEMENTATIONS = YES;
				CLANG_WARN_DIRECT_OBJC_ISA_USAGE = YES_ERROR;
				CLANG_WARN_DOCUMENTATION_COMMENTS = YES;
				CLANG_WARN_EMPTY_BODY = YES;
				CLANG_WARN_ENUM_CONVERSION = YES;
				CLANG_WARN_INFINITE_RECURSION = YES;
				CLANG_WARN_INT_CONVERSION = YES;
				CLANG_WARN_NON_LITERAL_NULL_CONVERSION = YES;
				CLANG_WARN_OBJC_IMPLICIT_RETAIN_SELF = YES;
				CLANG_WARN_OBJC_LITERAL_CONVERSION = YES;
				CLANG_WARN_OBJC_ROOT_CLASS = YES_ERROR;
				CLANG_WARN_QUOTED_INCLUDE_IN_FRAMEWORK_HEADER = YES;
				CLANG_WARN_RANGE_LOOP_ANALYSIS = YES;
				CLANG_WARN_STRICT_PROTOTYPES = YES;
				CLANG_WARN_SUSPICIOUS_MOVE = YES;
				CLANG_WARN_UNGUARDED_AVAILABILITY = YES_AGGRESSIVE;
				CLANG_WARN_UNREACHABLE_CODE = YES;
				CLANG_WARN__DUPLICATE_METHOD_MATCH = YES;
				COPY_PHASE_STRIP = NO;
				DEBUG_INFORMATION_FORMAT = dwarf;
				ENABLE_STRICT_OBJC_MSGSEND = YES;
				ENABLE_TESTABILITY = YES;
				ENABLE_USER_SCRIPT_SANDBOXING = YES;
				GCC_C_LANGUAGE_STANDARD = gnu17;
				GCC_DYNAMIC_NO_PIC = NO;
				GCC_NO_COMMON_BLOCKS = YES;
				GCC_OPTIMIZATION_LEVEL = 0;
				GCC_PREPROCESSOR_DEFINITIONS = (
					"DEBUG=1",
					"$(inherited)",
				);
				GCC_WARN_64_TO_32_BIT_CONVERSION = YES;
				GCC_WARN_ABOUT_RETURN_TYPE = YES_ERROR;
				GCC_WARN_UNDECLARED_SELECTOR = YES;
				GCC_WARN_UNINITIALIZED_AUTOS = YES_AGGRESSIVE;
				GCC_WARN_UNUSED_FUNCTION = YES;
				GCC_WARN_UNUSED_VARIABLE = YES;
				IPHONEOS_DEPLOYMENT_TARGET = 17.2;
				LOCALIZATION_PREFERS_STRING_CATALOGS = YES;
				MTL_ENABLE_DEBUG_INFO = INCLUDE_SOURCE;
				MTL_FAST_MATH = YES;
				ONLY_ACTIVE_ARCH = YES;
				SDKROOT = iphoneos;
				SWIFT_ACTIVE_COMPILATION_CONDITIONS = "DEBUG $(inherited)";
				SWIFT_OPTIMIZATION_LEVEL = "-Onone";
			};
			name = Debug;
		};
		D5BB85662CF45A9E001082C0 /* Release */ = {
			isa = XCBuildConfiguration;
			buildSettings = {
				ALWAYS_SEARCH_USER_PATHS = NO;
				ASSETCATALOG_COMPILER_GENERATE_SWIFT_ASSET_SYMBOL_EXTENSIONS = YES;
				CLANG_ANALYZER_NONNULL = YES;
				CLANG_ANALYZER_NUMBER_OBJECT_CONVERSION = YES_AGGRESSIVE;
				CLANG_CXX_LANGUAGE_STANDARD = "gnu++20";
				CLANG_ENABLE_MODULES = YES;
				CLANG_ENABLE_OBJC_ARC = YES;
				CLANG_ENABLE_OBJC_WEAK = YES;
				CLANG_WARN_BLOCK_CAPTURE_AUTORELEASING = YES;
				CLANG_WARN_BOOL_CONVERSION = YES;
				CLANG_WARN_COMMA = YES;
				CLANG_WARN_CONSTANT_CONVERSION = YES;
				CLANG_WARN_DEPRECATED_OBJC_IMPLEMENTATIONS = YES;
				CLANG_WARN_DIRECT_OBJC_ISA_USAGE = YES_ERROR;
				CLANG_WARN_DOCUMENTATION_COMMENTS = YES;
				CLANG_WARN_EMPTY_BODY = YES;
				CLANG_WARN_ENUM_CONVERSION = YES;
				CLANG_WARN_INFINITE_RECURSION = YES;
				CLANG_WARN_INT_CONVERSION = YES;
				CLANG_WARN_NON_LITERAL_NULL_CONVERSION = YES;
				CLANG_WARN_OBJC_IMPLICIT_RETAIN_SELF = YES;
				CLANG_WARN_OBJC_LITERAL_CONVERSION = YES;
				CLANG_WARN_OBJC_ROOT_CLASS = YES_ERROR;
				CLANG_WARN_QUOTED_INCLUDE_IN_FRAMEWORK_HEADER = YES;
				CLANG_WARN_RANGE_LOOP_ANALYSIS = YES;
				CLANG_WARN_STRICT_PROTOTYPES = YES;
				CLANG_WARN_SUSPICIOUS_MOVE = YES;
				CLANG_WARN_UNGUARDED_AVAILABILITY = YES_AGGRESSIVE;
				CLANG_WARN_UNREACHABLE_CODE = YES;
				CLANG_WARN__DUPLICATE_METHOD_MATCH = YES;
				COPY_PHASE_STRIP = NO;
				DEBUG_INFORMATION_FORMAT = "dwarf-with-dsym";
				ENABLE_NS_ASSERTIONS = NO;
				ENABLE_STRICT_OBJC_MSGSEND = YES;
				ENABLE_USER_SCRIPT_SANDBOXING = YES;
				GCC_C_LANGUAGE_STANDARD = gnu17;
				GCC_NO_COMMON_BLOCKS = YES;
				GCC_WARN_64_TO_32_BIT_CONVERSION = YES;
				GCC_WARN_ABOUT_RETURN_TYPE = YES_ERROR;
				GCC_WARN_UNDECLARED_SELECTOR = YES;
				GCC_WARN_UNINITIALIZED_AUTOS = YES_AGGRESSIVE;
				GCC_WARN_UNUSED_FUNCTION = YES;
				GCC_WARN_UNUSED_VARIABLE = YES;
				IPHONEOS_DEPLOYMENT_TARGET = 17.2;
				LOCALIZATION_PREFERS_STRING_CATALOGS = YES;
				MTL_ENABLE_DEBUG_INFO = NO;
				MTL_FAST_MATH = YES;
				SDKROOT = iphoneos;
				SWIFT_COMPILATION_MODE = wholemodule;
				VALIDATE_PRODUCT = YES;
			};
			name = Release;
		};
		D5BB85682CF45A9E001082C0 /* Debug */ = {
			isa = XCBuildConfiguration;
			buildSettings = {
				ASSETCATALOG_COMPILER_APPICON_NAME = AppIcon;
				ASSETCATALOG_COMPILER_GLOBAL_ACCENT_COLOR_NAME = AccentColor;
				ASSETCATALOG_COMPILER_INCLUDE_ALL_APPICON_ASSETS = NO;
				CODE_SIGN_STYLE = Automatic;
				CURRENT_PROJECT_VERSION = 1;
				DEVELOPMENT_TEAM = YCA7CWR687;
				GENERATE_INFOPLIST_FILE = YES;
				INFOPLIST_FILE = Glow_event/Info.plist;
				INFOPLIST_KEY_UIApplicationSupportsIndirectInputEvents = YES;
				INFOPLIST_KEY_UILaunchStoryboardName = "";
				INFOPLIST_KEY_UIMainStoryboardFile = Main;
				INFOPLIST_KEY_UISupportedInterfaceOrientations_iPad = "UIInterfaceOrientationPortrait UIInterfaceOrientationPortraitUpsideDown UIInterfaceOrientationLandscapeLeft UIInterfaceOrientationLandscapeRight";
				INFOPLIST_KEY_UISupportedInterfaceOrientations_iPhone = "UIInterfaceOrientationPortrait UIInterfaceOrientationLandscapeLeft UIInterfaceOrientationLandscapeRight";
				IPHONEOS_DEPLOYMENT_TARGET = 17.1;
				LD_RUNPATH_SEARCH_PATHS = (
					"$(inherited)",
					"@executable_path/Frameworks",
				);
				MARKETING_VERSION = 1.0;
				PRODUCT_BUNDLE_IDENTIFIER = "com.Layla.ll.Glow-event";
				PRODUCT_NAME = "$(TARGET_NAME)";
				SWIFT_EMIT_LOC_STRINGS = YES;
				SWIFT_VERSION = 5.0;
				TARGETED_DEVICE_FAMILY = "1,2";
			};
			name = Debug;
		};
		D5BB85692CF45A9E001082C0 /* Release */ = {
			isa = XCBuildConfiguration;
			buildSettings = {
				ASSETCATALOG_COMPILER_APPICON_NAME = AppIcon;
				ASSETCATALOG_COMPILER_GLOBAL_ACCENT_COLOR_NAME = AccentColor;
				ASSETCATALOG_COMPILER_INCLUDE_ALL_APPICON_ASSETS = NO;
				CODE_SIGN_STYLE = Automatic;
				CURRENT_PROJECT_VERSION = 1;
				DEVELOPMENT_TEAM = YCA7CWR687;
				GENERATE_INFOPLIST_FILE = YES;
				INFOPLIST_FILE = Glow_event/Info.plist;
				INFOPLIST_KEY_UIApplicationSupportsIndirectInputEvents = YES;
				INFOPLIST_KEY_UILaunchStoryboardName = "";
				INFOPLIST_KEY_UIMainStoryboardFile = Main;
				INFOPLIST_KEY_UISupportedInterfaceOrientations_iPad = "UIInterfaceOrientationPortrait UIInterfaceOrientationPortraitUpsideDown UIInterfaceOrientationLandscapeLeft UIInterfaceOrientationLandscapeRight";
				INFOPLIST_KEY_UISupportedInterfaceOrientations_iPhone = "UIInterfaceOrientationPortrait UIInterfaceOrientationLandscapeLeft UIInterfaceOrientationLandscapeRight";
				IPHONEOS_DEPLOYMENT_TARGET = 17.1;
				LD_RUNPATH_SEARCH_PATHS = (
					"$(inherited)",
					"@executable_path/Frameworks",
				);
				MARKETING_VERSION = 1.0;
				PRODUCT_BUNDLE_IDENTIFIER = "com.Layla.II.Glow-event";
				PRODUCT_NAME = "$(TARGET_NAME)";
				SWIFT_EMIT_LOC_STRINGS = YES;
				SWIFT_VERSION = 5.0;
				TARGETED_DEVICE_FAMILY = "1,2";
			};
			name = Release;
		};
/* End XCBuildConfiguration section */

/* Begin XCConfigurationList section */
		D5BB854E2CF45A9C001082C0 /* Build configuration list for PBXProject "Glow_event" */ = {
			isa = XCConfigurationList;
			buildConfigurations = (
				D5BB85652CF45A9E001082C0 /* Debug */,
				D5BB85662CF45A9E001082C0 /* Release */,
			);
			defaultConfigurationIsVisible = 0;
			defaultConfigurationName = Release;
		};
		D5BB85672CF45A9E001082C0 /* Build configuration list for PBXNativeTarget "Glow_event" */ = {
			isa = XCConfigurationList;
			buildConfigurations = (
				D5BB85682CF45A9E001082C0 /* Debug */,
				D5BB85692CF45A9E001082C0 /* Release */,
			);
			defaultConfigurationIsVisible = 0;
			defaultConfigurationName = Release;
		};
/* End XCConfigurationList section */

/* Begin XCRemoteSwiftPackageReference section */
		07DE196A2D23D90000FEFA98 /* XCRemoteSwiftPackageReference "cloudinary_ios" */ = {
			isa = XCRemoteSwiftPackageReference;
			repositoryURL = "https://github.com/cloudinary/cloudinary_ios.git";
			requirement = {
				kind = upToNextMajorVersion;
				minimumVersion = 5.1.0;
			};
		};
		D5A8C86E2CF5FC0E004299BC /* XCRemoteSwiftPackageReference "firebase-ios-sdk" */ = {
			isa = XCRemoteSwiftPackageReference;
			repositoryURL = "https://github.com/firebase/firebase-ios-sdk";
			requirement = {
				kind = upToNextMajorVersion;
				minimumVersion = 11.5.0;
			};
		};
/* End XCRemoteSwiftPackageReference section */

/* Begin XCSwiftPackageProductDependency section */
		07DE196B2D23D90000FEFA98 /* Cloudinary */ = {
			isa = XCSwiftPackageProductDependency;
			package = 07DE196A2D23D90000FEFA98 /* XCRemoteSwiftPackageReference "cloudinary_ios" */;
			productName = Cloudinary;
		};
		D5A8C86F2CF5FC0E004299BC /* FirebaseAnalytics */ = {
			isa = XCSwiftPackageProductDependency;
			package = D5A8C86E2CF5FC0E004299BC /* XCRemoteSwiftPackageReference "firebase-ios-sdk" */;
			productName = FirebaseAnalytics;
		};
		D5A8C8712CF5FC0E004299BC /* FirebaseAnalyticsOnDeviceConversion */ = {
			isa = XCSwiftPackageProductDependency;
			package = D5A8C86E2CF5FC0E004299BC /* XCRemoteSwiftPackageReference "firebase-ios-sdk" */;
			productName = FirebaseAnalyticsOnDeviceConversion;
		};
		D5A8C8732CF5FC0E004299BC /* FirebaseAnalyticsWithoutAdIdSupport */ = {
			isa = XCSwiftPackageProductDependency;
			package = D5A8C86E2CF5FC0E004299BC /* XCRemoteSwiftPackageReference "firebase-ios-sdk" */;
			productName = FirebaseAnalyticsWithoutAdIdSupport;
		};
		D5A8C8752CF5FC0E004299BC /* FirebaseAppCheck */ = {
			isa = XCSwiftPackageProductDependency;
			package = D5A8C86E2CF5FC0E004299BC /* XCRemoteSwiftPackageReference "firebase-ios-sdk" */;
			productName = FirebaseAppCheck;
		};
		D5A8C8772CF5FC0E004299BC /* FirebaseAppDistribution-Beta */ = {
			isa = XCSwiftPackageProductDependency;
			package = D5A8C86E2CF5FC0E004299BC /* XCRemoteSwiftPackageReference "firebase-ios-sdk" */;
			productName = "FirebaseAppDistribution-Beta";
		};
		D5A8C8792CF5FC0E004299BC /* FirebaseAuth */ = {
			isa = XCSwiftPackageProductDependency;
			package = D5A8C86E2CF5FC0E004299BC /* XCRemoteSwiftPackageReference "firebase-ios-sdk" */;
			productName = FirebaseAuth;
		};
		D5A8C87B2CF5FC0E004299BC /* FirebaseAuthCombine-Community */ = {
			isa = XCSwiftPackageProductDependency;
			package = D5A8C86E2CF5FC0E004299BC /* XCRemoteSwiftPackageReference "firebase-ios-sdk" */;
			productName = "FirebaseAuthCombine-Community";
		};
		D5A8C87D2CF5FC0E004299BC /* FirebaseCore */ = {
			isa = XCSwiftPackageProductDependency;
			package = D5A8C86E2CF5FC0E004299BC /* XCRemoteSwiftPackageReference "firebase-ios-sdk" */;
			productName = FirebaseCore;
		};
		D5A8C87F2CF5FC0E004299BC /* FirebaseCrashlytics */ = {
			isa = XCSwiftPackageProductDependency;
			package = D5A8C86E2CF5FC0E004299BC /* XCRemoteSwiftPackageReference "firebase-ios-sdk" */;
			productName = FirebaseCrashlytics;
		};
		D5A8C8812CF5FC0E004299BC /* FirebaseDatabase */ = {
			isa = XCSwiftPackageProductDependency;
			package = D5A8C86E2CF5FC0E004299BC /* XCRemoteSwiftPackageReference "firebase-ios-sdk" */;
			productName = FirebaseDatabase;
		};
		D5A8C8832CF5FC0E004299BC /* FirebaseDynamicLinks */ = {
			isa = XCSwiftPackageProductDependency;
			package = D5A8C86E2CF5FC0E004299BC /* XCRemoteSwiftPackageReference "firebase-ios-sdk" */;
			productName = FirebaseDynamicLinks;
		};
		D5A8C8852CF5FC0E004299BC /* FirebaseFirestore */ = {
			isa = XCSwiftPackageProductDependency;
			package = D5A8C86E2CF5FC0E004299BC /* XCRemoteSwiftPackageReference "firebase-ios-sdk" */;
			productName = FirebaseFirestore;
		};
		D5A8C8872CF5FC0E004299BC /* FirebaseFirestoreCombine-Community */ = {
			isa = XCSwiftPackageProductDependency;
			package = D5A8C86E2CF5FC0E004299BC /* XCRemoteSwiftPackageReference "firebase-ios-sdk" */;
			productName = "FirebaseFirestoreCombine-Community";
		};
		D5A8C8892CF5FC0E004299BC /* FirebaseFunctions */ = {
			isa = XCSwiftPackageProductDependency;
			package = D5A8C86E2CF5FC0E004299BC /* XCRemoteSwiftPackageReference "firebase-ios-sdk" */;
			productName = FirebaseFunctions;
		};
		D5A8C88B2CF5FC0E004299BC /* FirebaseFunctionsCombine-Community */ = {
			isa = XCSwiftPackageProductDependency;
			package = D5A8C86E2CF5FC0E004299BC /* XCRemoteSwiftPackageReference "firebase-ios-sdk" */;
			productName = "FirebaseFunctionsCombine-Community";
		};
		D5A8C88D2CF5FC0E004299BC /* FirebaseInAppMessaging-Beta */ = {
			isa = XCSwiftPackageProductDependency;
			package = D5A8C86E2CF5FC0E004299BC /* XCRemoteSwiftPackageReference "firebase-ios-sdk" */;
			productName = "FirebaseInAppMessaging-Beta";
		};
		D5A8C88F2CF5FC0E004299BC /* FirebaseInstallations */ = {
			isa = XCSwiftPackageProductDependency;
			package = D5A8C86E2CF5FC0E004299BC /* XCRemoteSwiftPackageReference "firebase-ios-sdk" */;
			productName = FirebaseInstallations;
		};
		D5A8C8912CF5FC0E004299BC /* FirebaseMLModelDownloader */ = {
			isa = XCSwiftPackageProductDependency;
			package = D5A8C86E2CF5FC0E004299BC /* XCRemoteSwiftPackageReference "firebase-ios-sdk" */;
			productName = FirebaseMLModelDownloader;
		};
		D5A8C8932CF5FC0E004299BC /* FirebaseMessaging */ = {
			isa = XCSwiftPackageProductDependency;
			package = D5A8C86E2CF5FC0E004299BC /* XCRemoteSwiftPackageReference "firebase-ios-sdk" */;
			productName = FirebaseMessaging;
		};
		D5A8C8952CF5FC0E004299BC /* FirebasePerformance */ = {
			isa = XCSwiftPackageProductDependency;
			package = D5A8C86E2CF5FC0E004299BC /* XCRemoteSwiftPackageReference "firebase-ios-sdk" */;
			productName = FirebasePerformance;
		};
		D5A8C8972CF5FC0E004299BC /* FirebaseRemoteConfig */ = {
			isa = XCSwiftPackageProductDependency;
			package = D5A8C86E2CF5FC0E004299BC /* XCRemoteSwiftPackageReference "firebase-ios-sdk" */;
			productName = FirebaseRemoteConfig;
		};
		D5A8C8992CF5FC0E004299BC /* FirebaseStorage */ = {
			isa = XCSwiftPackageProductDependency;
			package = D5A8C86E2CF5FC0E004299BC /* XCRemoteSwiftPackageReference "firebase-ios-sdk" */;
			productName = FirebaseStorage;
		};
		D5A8C89B2CF5FC0E004299BC /* FirebaseStorageCombine-Community */ = {
			isa = XCSwiftPackageProductDependency;
			package = D5A8C86E2CF5FC0E004299BC /* XCRemoteSwiftPackageReference "firebase-ios-sdk" */;
			productName = "FirebaseStorageCombine-Community";
		};
		D5A8C89D2CF5FC0E004299BC /* FirebaseVertexAI */ = {
			isa = XCSwiftPackageProductDependency;
			package = D5A8C86E2CF5FC0E004299BC /* XCRemoteSwiftPackageReference "firebase-ios-sdk" */;
			productName = FirebaseVertexAI;
		};
/* End XCSwiftPackageProductDependency section */
	};
	rootObject = D5BB854B2CF45A9C001082C0 /* Project object */;
}
