// !$*UTF8*$!
{
	archiveVersion = 1;
	classes = {
	};
	objectVersion = 56;
	objects = {

/* Begin PBXBuildFile section */
		0F88AAE12D25AFCD006E4C06 /* PhotosClassViewController.swift in Sources */ = {isa = PBXBuildFile; fileRef = 0F88AADF2D25AFCD006E4C06 /* PhotosClassViewController.swift */; };
		0F88AAE22D25AFCD006E4C06 /* HiglightList.swift in Sources */ = {isa = PBXBuildFile; fileRef = 0F88AADC2D25AFCD006E4C06 /* HiglightList.swift */; };
		0F88AAE32D25AFCD006E4C06 /* SendHighlights.swift in Sources */ = {isa = PBXBuildFile; fileRef = 0F88AAE02D25AFCD006E4C06 /* SendHighlights.swift */; };
		0F88AAE42D25AFCD006E4C06 /* PhotoCell.swift in Sources */ = {isa = PBXBuildFile; fileRef = 0F88AADE2D25AFCD006E4C06 /* PhotoCell.swift */; };
		0F88AAE52D25AFCD006E4C06 /* Cloudinary1.swift in Sources */ = {isa = PBXBuildFile; fileRef = 0F88AADB2D25AFCD006E4C06 /* Cloudinary1.swift */; };
		0F88AAE62D25AFCD006E4C06 /* OrganizerrPromptViewController.swift in Sources */ = {isa = PBXBuildFile; fileRef = 0F88AADD2D25AFCD006E4C06 /* OrganizerrPromptViewController.swift */; };
		6CF9DB972D25F30000C27F91 /* thuraya.storyboard in Resources */ = {isa = PBXBuildFile; fileRef = 6CF9DB962D25F30000C27F91 /* thuraya.storyboard */; };
		6CF9DB9B2D25F39300C27F91 /* AddOrganizerVC.swift in Sources */ = {isa = PBXBuildFile; fileRef = 6CF9DB9A2D25F39300C27F91 /* AddOrganizerVC.swift */; };
		6CF9DB9F2D25F39D00C27F91 /* CategoriesListVC.swift in Sources */ = {isa = PBXBuildFile; fileRef = 6CF9DB9E2D25F39D00C27F91 /* CategoriesListVC.swift */; };
		6CF9DBA12D25F3A100C27F91 /* CreateCategoryVC.swift in Sources */ = {isa = PBXBuildFile; fileRef = 6CF9DBA02D25F3A100C27F91 /* CreateCategoryVC.swift */; };
		6CF9DBA32D25F3A500C27F91 /* DropdownTextField.swift in Sources */ = {isa = PBXBuildFile; fileRef = 6CF9DBA22D25F3A500C27F91 /* DropdownTextField.swift */; };
		6CF9DBA52D25F3A800C27F91 /* EditCategoryVC.swift in Sources */ = {isa = PBXBuildFile; fileRef = 6CF9DBA42D25F3A800C27F91 /* EditCategoryVC.swift */; };
		6CF9DBA72D25F3AC00C27F91 /* Extension.swift in Sources */ = {isa = PBXBuildFile; fileRef = 6CF9DBA62D25F3AC00C27F91 /* Extension.swift */; };
		6CF9DBA92D25F3AF00C27F91 /* FilterVC.swift in Sources */ = {isa = PBXBuildFile; fileRef = 6CF9DBA82D25F3AF00C27F91 /* FilterVC.swift */; };
		6CF9DBAB2D25F3B900C27F91 /* HomeTabVC.swift in Sources */ = {isa = PBXBuildFile; fileRef = 6CF9DBAA2D25F3B900C27F91 /* HomeTabVC.swift */; };
		6CF9DBAD2D25F3BD00C27F91 /* LoginVC.swift in Sources */ = {isa = PBXBuildFile; fileRef = 6CF9DBAC2D25F3BD00C27F91 /* LoginVC.swift */; };
		6CF9DBAF2D25F3C100C27F91 /* OrganizerProfileVC.swift in Sources */ = {isa = PBXBuildFile; fileRef = 6CF9DBAE2D25F3C100C27F91 /* OrganizerProfileVC.swift */; };
		6CF9DBB12D25F40700C27F91 /* OrganizersListVC.swift in Sources */ = {isa = PBXBuildFile; fileRef = 6CF9DBB02D25F40700C27F91 /* OrganizersListVC.swift */; };
		6CF9DBB32D25F40D00C27F91 /* ReportDetailVC.swift in Sources */ = {isa = PBXBuildFile; fileRef = 6CF9DBB22D25F40D00C27F91 /* ReportDetailVC.swift */; };
		6CF9DBB52D25F41600C27F91 /* ReportsListVC.swift in Sources */ = {isa = PBXBuildFile; fileRef = 6CF9DBB42D25F41600C27F91 /* ReportsListVC.swift */; };
		6CF9DBB72D25F41900C27F91 /* SavedEventsTabVC.swift in Sources */ = {isa = PBXBuildFile; fileRef = 6CF9DBB62D25F41900C27F91 /* SavedEventsTabVC.swift */; };
		6CF9DBBB2D25F42000C27F91 /* SearchTabVC.swift in Sources */ = {isa = PBXBuildFile; fileRef = 6CF9DBBA2D25F42000C27F91 /* SearchTabVC.swift */; };
		6CF9DBBD2D25F42400C27F91 /* SettingsTabVC.swift in Sources */ = {isa = PBXBuildFile; fileRef = 6CF9DBBC2D25F42400C27F91 /* SettingsTabVC.swift */; };
		6CF9DBBF2D25F42800C27F91 /* TabBarVC.swift in Sources */ = {isa = PBXBuildFile; fileRef = 6CF9DBBE2D25F42800C27F91 /* TabBarVC.swift */; };
		6CF9DBC22D25F44C00C27F91 /* CategoryCell.swift in Sources */ = {isa = PBXBuildFile; fileRef = 6CF9DBC12D25F44C00C27F91 /* CategoryCell.swift */; };
		6CF9DBC42D25F44F00C27F91 /* OrganizerCell.swift in Sources */ = {isa = PBXBuildFile; fileRef = 6CF9DBC32D25F44F00C27F91 /* OrganizerCell.swift */; };
		6CF9DBC62D25F45100C27F91 /* ReportCell.swift in Sources */ = {isa = PBXBuildFile; fileRef = 6CF9DBC52D25F45100C27F91 /* ReportCell.swift */; };
		6CF9DBC82D25F45300C27F91 /* SavedEventCell.swift in Sources */ = {isa = PBXBuildFile; fileRef = 6CF9DBC72D25F45300C27F91 /* SavedEventCell.swift */; };
		6CF9DBCA2D25F46300C27F91 /* Category.swift in Sources */ = {isa = PBXBuildFile; fileRef = 6CF9DBC92D25F46300C27F91 /* Category.swift */; };
		6CF9DBCC2D25F46600C27F91 /* Organizer.swift in Sources */ = {isa = PBXBuildFile; fileRef = 6CF9DBCB2D25F46600C27F91 /* Organizer.swift */; };
		6CF9DBD02D25F80B00C27F91 /* CreateEventTableViewController 2.swift in Sources */ = {isa = PBXBuildFile; fileRef = 6CF9DBCF2D25F80B00C27F91 /* CreateEventTableViewController 2.swift */; };
		6CF9DBD22D25F82400C27F91 /* EventOrgTableViewCell 2.swift in Sources */ = {isa = PBXBuildFile; fileRef = 6CF9DBD12D25F82400C27F91 /* EventOrgTableViewCell 2.swift */; };
		BBD5EDB32D25C60400EAB60C /* HomeOrgViewController.swift in Sources */ = {isa = PBXBuildFile; fileRef = BBD5EDAD2D25C5FE00EAB60C /* HomeOrgViewController.swift */; };
		BBD5EDB42D25C60400EAB60C /* SearchEventOrgViewController.swift in Sources */ = {isa = PBXBuildFile; fileRef = BBD5EDAE2D25C5FF00EAB60C /* SearchEventOrgViewController.swift */; };
		BBD5EDB62D25C60400EAB60C /* EventDetailOrgViewController.swift in Sources */ = {isa = PBXBuildFile; fileRef = BBD5EDB02D25C60000EAB60C /* EventDetailOrgViewController.swift */; };
		BBD5EDB72D25C60400EAB60C /* EventDetailOrgTableViewCell.swift in Sources */ = {isa = PBXBuildFile; fileRef = BBD5EDB12D25C60300EAB60C /* EventDetailOrgTableViewCell.swift */; };
		BBD5EDB82D25C60400EAB60C /* FilterTableViewController.swift in Sources */ = {isa = PBXBuildFile; fileRef = BBD5EDB22D25C60400EAB60C /* FilterTableViewController.swift */; };
		BBD5EDBE2D25C6A700EAB60C /* Cloudinary.swift in Sources */ = {isa = PBXBuildFile; fileRef = BBD5EDBB2D25C6A500EAB60C /* Cloudinary.swift */; };
		BBD5EDBF2D25C6A700EAB60C /* Firebase.swift in Sources */ = {isa = PBXBuildFile; fileRef = BBD5EDBC2D25C6A600EAB60C /* Firebase.swift */; };
		BBD5EDC02D25C6A700EAB60C /* Event.swift in Sources */ = {isa = PBXBuildFile; fileRef = BBD5EDBD2D25C6A600EAB60C /* Event.swift */; };
		BBD5EDC22D25C83500EAB60C /* EditEventTableViewController.swift in Sources */ = {isa = PBXBuildFile; fileRef = BBD5EDC12D25C83400EAB60C /* EditEventTableViewController.swift */; };
		BDDFE9FC2D26071B003689FF /* zainab.storyboard in Resources */ = {isa = PBXBuildFile; fileRef = BDDFE9FB2D26071B003689FF /* zainab.storyboard */; };
		BDDFE9FF2D2607E7003689FF /* UserSettingsViewController.swift in Sources */ = {isa = PBXBuildFile; fileRef = BDDFE9FE2D2607E7003689FF /* UserSettingsViewController.swift */; };
		BDDFEA012D2607ED003689FF /* UserLoginViewController.swift in Sources */ = {isa = PBXBuildFile; fileRef = BDDFEA002D2607ED003689FF /* UserLoginViewController.swift */; };
		BDDFEA032D2607F4003689FF /* UserProfileViewController.swift in Sources */ = {isa = PBXBuildFile; fileRef = BDDFEA022D2607F4003689FF /* UserProfileViewController.swift */; };
		BDDFEA052D2607FA003689FF /* UserEditProfileViewController.swift in Sources */ = {isa = PBXBuildFile; fileRef = BDDFEA042D2607FA003689FF /* UserEditProfileViewController.swift */; };
		BDDFEA072D2607FF003689FF /* UserChangePasswordViewController.swift in Sources */ = {isa = PBXBuildFile; fileRef = BDDFEA062D2607FF003689FF /* UserChangePasswordViewController.swift */; };
		BDDFEA092D260806003689FF /* AdminLoginViewController.swift in Sources */ = {isa = PBXBuildFile; fileRef = BDDFEA082D260806003689FF /* AdminLoginViewController.swift */; };
		BDDFEA0B2D26080B003689FF /* AdminSettingsTableViewController.swift in Sources */ = {isa = PBXBuildFile; fileRef = BDDFEA0A2D26080B003689FF /* AdminSettingsTableViewController.swift */; };
		BDDFEA0D2D260812003689FF /* AdminProfileViewController.swift in Sources */ = {isa = PBXBuildFile; fileRef = BDDFEA0C2D260812003689FF /* AdminProfileViewController.swift */; };
		BDDFEA0F2D260817003689FF /* AdminChangePasswordViewController.swift in Sources */ = {isa = PBXBuildFile; fileRef = BDDFEA0E2D260817003689FF /* AdminChangePasswordViewController.swift */; };
		BDDFEA112D26081D003689FF /* AddUserViewController.swift in Sources */ = {isa = PBXBuildFile; fileRef = BDDFEA102D26081D003689FF /* AddUserViewController.swift */; };
		BDDFEA132D260823003689FF /* EditUserViewController.swift in Sources */ = {isa = PBXBuildFile; fileRef = BDDFEA122D260823003689FF /* EditUserViewController.swift */; };
		BDDFEA152D260828003689FF /* AddUserTestViewController.swift in Sources */ = {isa = PBXBuildFile; fileRef = BDDFEA142D260828003689FF /* AddUserTestViewController.swift */; };
		BDDFEA172D26082E003689FF /* UserTableViewCell.swift in Sources */ = {isa = PBXBuildFile; fileRef = BDDFEA162D26082E003689FF /* UserTableViewCell.swift */; };
		BDDFEA192D260834003689FF /* ViewUsersViewController.swift in Sources */ = {isa = PBXBuildFile; fileRef = BDDFEA182D260833003689FF /* ViewUsersViewController.swift */; };
		BDDFEA1B2D260839003689FF /* UserDetailViewController.swift in Sources */ = {isa = PBXBuildFile; fileRef = BDDFEA1A2D260839003689FF /* UserDetailViewController.swift */; };
		BDDFEA1D2D26083F003689FF /* AdminEditEventTableViewController.swift in Sources */ = {isa = PBXBuildFile; fileRef = BDDFEA1C2D26083F003689FF /* AdminEditEventTableViewController.swift */; };
		BDDFEA1F2D260845003689FF /* AdminEventDetailOrgTableViewCell.swift in Sources */ = {isa = PBXBuildFile; fileRef = BDDFEA1E2D260845003689FF /* AdminEventDetailOrgTableViewCell.swift */; };
		BDDFEA232D260858003689FF /* AdminHomeOrgViewController.swift in Sources */ = {isa = PBXBuildFile; fileRef = BDDFEA222D260858003689FF /* AdminHomeOrgViewController.swift */; };
		BDDFEA252D260861003689FF /* AdminEventDetailOrgViewController.swift in Sources */ = {isa = PBXBuildFile; fileRef = BDDFEA242D260861003689FF /* AdminEventDetailOrgViewController.swift */; };
		BDDFEA272D260868003689FF /* AdminFilterTableViewController.swift in Sources */ = {isa = PBXBuildFile; fileRef = BDDFEA262D260868003689FF /* AdminFilterTableViewController.swift */; };
		BDDFEA292D26086E003689FF /* AdminSearchEventOrgViewController.swift in Sources */ = {isa = PBXBuildFile; fileRef = BDDFEA282D26086E003689FF /* AdminSearchEventOrgViewController.swift */; };
		BDDFEA2D2D26088B003689FF /* User.swift in Sources */ = {isa = PBXBuildFile; fileRef = BDDFEA2C2D26088B003689FF /* User.swift */; };
		BDDFEA2F2D260890003689FF /* Admin.swift in Sources */ = {isa = PBXBuildFile; fileRef = BDDFEA2E2D260890003689FF /* Admin.swift */; };
		D0EB8A022D0986ED00D78EC9 /* highlights.storyboard in Resources */ = {isa = PBXBuildFile; fileRef = D0EB8A012D0986ED00D78EC9 /* highlights.storyboard */; };
		D0EB8A062D09882900D78EC9 /* Event Browsing and Interest.storyboard in Resources */ = {isa = PBXBuildFile; fileRef = D0EB8A052D09882900D78EC9 /* Event Browsing and Interest.storyboard */; };
		D53D71D82D098E7000B88D24 /* Event_Management.storyboard in Resources */ = {isa = PBXBuildFile; fileRef = D53D71D72D098E7000B88D24 /* Event_Management.storyboard */; };
		D5A8C8702CF5FC0E004299BC /* FirebaseAnalytics in Frameworks */ = {isa = PBXBuildFile; productRef = D5A8C86F2CF5FC0E004299BC /* FirebaseAnalytics */; };
		D5A8C8722CF5FC0E004299BC /* FirebaseAnalyticsOnDeviceConversion in Frameworks */ = {isa = PBXBuildFile; productRef = D5A8C8712CF5FC0E004299BC /* FirebaseAnalyticsOnDeviceConversion */; };
		D5A8C8742CF5FC0E004299BC /* FirebaseAnalyticsWithoutAdIdSupport in Frameworks */ = {isa = PBXBuildFile; productRef = D5A8C8732CF5FC0E004299BC /* FirebaseAnalyticsWithoutAdIdSupport */; };
		D5A8C8762CF5FC0E004299BC /* FirebaseAppCheck in Frameworks */ = {isa = PBXBuildFile; productRef = D5A8C8752CF5FC0E004299BC /* FirebaseAppCheck */; };
		D5A8C8782CF5FC0E004299BC /* FirebaseAppDistribution-Beta in Frameworks */ = {isa = PBXBuildFile; productRef = D5A8C8772CF5FC0E004299BC /* FirebaseAppDistribution-Beta */; };
		D5A8C87A2CF5FC0E004299BC /* FirebaseAuth in Frameworks */ = {isa = PBXBuildFile; productRef = D5A8C8792CF5FC0E004299BC /* FirebaseAuth */; };
		D5A8C87C2CF5FC0E004299BC /* FirebaseAuthCombine-Community in Frameworks */ = {isa = PBXBuildFile; productRef = D5A8C87B2CF5FC0E004299BC /* FirebaseAuthCombine-Community */; };
		D5A8C87E2CF5FC0E004299BC /* FirebaseCore in Frameworks */ = {isa = PBXBuildFile; productRef = D5A8C87D2CF5FC0E004299BC /* FirebaseCore */; };
		D5A8C8802CF5FC0E004299BC /* FirebaseCrashlytics in Frameworks */ = {isa = PBXBuildFile; productRef = D5A8C87F2CF5FC0E004299BC /* FirebaseCrashlytics */; };
		D5A8C8822CF5FC0E004299BC /* FirebaseDatabase in Frameworks */ = {isa = PBXBuildFile; productRef = D5A8C8812CF5FC0E004299BC /* FirebaseDatabase */; };
		D5A8C8842CF5FC0E004299BC /* FirebaseDynamicLinks in Frameworks */ = {isa = PBXBuildFile; productRef = D5A8C8832CF5FC0E004299BC /* FirebaseDynamicLinks */; };
		D5A8C8862CF5FC0E004299BC /* FirebaseFirestore in Frameworks */ = {isa = PBXBuildFile; productRef = D5A8C8852CF5FC0E004299BC /* FirebaseFirestore */; };
		D5A8C8882CF5FC0E004299BC /* FirebaseFirestoreCombine-Community in Frameworks */ = {isa = PBXBuildFile; productRef = D5A8C8872CF5FC0E004299BC /* FirebaseFirestoreCombine-Community */; };
		D5A8C88A2CF5FC0E004299BC /* FirebaseFunctions in Frameworks */ = {isa = PBXBuildFile; productRef = D5A8C8892CF5FC0E004299BC /* FirebaseFunctions */; };
		D5A8C88C2CF5FC0E004299BC /* FirebaseFunctionsCombine-Community in Frameworks */ = {isa = PBXBuildFile; productRef = D5A8C88B2CF5FC0E004299BC /* FirebaseFunctionsCombine-Community */; };
		D5A8C88E2CF5FC0E004299BC /* FirebaseInAppMessaging-Beta in Frameworks */ = {isa = PBXBuildFile; productRef = D5A8C88D2CF5FC0E004299BC /* FirebaseInAppMessaging-Beta */; };
		D5A8C8902CF5FC0E004299BC /* FirebaseInstallations in Frameworks */ = {isa = PBXBuildFile; productRef = D5A8C88F2CF5FC0E004299BC /* FirebaseInstallations */; };
		D5A8C8922CF5FC0E004299BC /* FirebaseMLModelDownloader in Frameworks */ = {isa = PBXBuildFile; productRef = D5A8C8912CF5FC0E004299BC /* FirebaseMLModelDownloader */; };
		D5A8C8942CF5FC0E004299BC /* FirebaseMessaging in Frameworks */ = {isa = PBXBuildFile; productRef = D5A8C8932CF5FC0E004299BC /* FirebaseMessaging */; };
		D5A8C8962CF5FC0E004299BC /* FirebasePerformance in Frameworks */ = {isa = PBXBuildFile; productRef = D5A8C8952CF5FC0E004299BC /* FirebasePerformance */; };
		D5A8C8982CF5FC0E004299BC /* FirebaseRemoteConfig in Frameworks */ = {isa = PBXBuildFile; productRef = D5A8C8972CF5FC0E004299BC /* FirebaseRemoteConfig */; };
		D5A8C89A2CF5FC0E004299BC /* FirebaseStorage in Frameworks */ = {isa = PBXBuildFile; productRef = D5A8C8992CF5FC0E004299BC /* FirebaseStorage */; };
		D5A8C89C2CF5FC0E004299BC /* FirebaseStorageCombine-Community in Frameworks */ = {isa = PBXBuildFile; productRef = D5A8C89B2CF5FC0E004299BC /* FirebaseStorageCombine-Community */; };
		D5A8C89E2CF5FC0E004299BC /* FirebaseVertexAI in Frameworks */ = {isa = PBXBuildFile; productRef = D5A8C89D2CF5FC0E004299BC /* FirebaseVertexAI */; };
		D5BB85572CF45A9C001082C0 /* AppDelegate.swift in Sources */ = {isa = PBXBuildFile; fileRef = D5BB85562CF45A9C001082C0 /* AppDelegate.swift */; };
		D5BB85592CF45A9C001082C0 /* SceneDelegate.swift in Sources */ = {isa = PBXBuildFile; fileRef = D5BB85582CF45A9C001082C0 /* SceneDelegate.swift */; };
		D5BB855E2CF45A9D001082C0 /* Main.storyboard in Resources */ = {isa = PBXBuildFile; fileRef = D5BB855C2CF45A9D001082C0 /* Main.storyboard */; };
		D5BB85602CF45A9E001082C0 /* Assets.xcassets in Resources */ = {isa = PBXBuildFile; fileRef = D5BB855F2CF45A9E001082C0 /* Assets.xcassets */; };
		D5BB85632CF45A9E001082C0 /* LaunchScreen.storyboard in Resources */ = {isa = PBXBuildFile; fileRef = D5BB85612CF45A9E001082C0 /* LaunchScreen.storyboard */; };
		D5EE64F82D003E0400AE45A4 /* Cloudinary in Frameworks */ = {isa = PBXBuildFile; productRef = D5EE64F72D003E0400AE45A4 /* Cloudinary */; };
		D5F10C9E2CFF4464003F5A5C /* GoogleService-Info.plist in Resources */ = {isa = PBXBuildFile; fileRef = D5F10C9D2CFF4464003F5A5C /* GoogleService-Info.plist */; };
/* End PBXBuildFile section */

/* Begin PBXFileReference section */
		0F88AACB2D25A969006E4C06 /* highlights.storyboard */ = {isa = PBXFileReference; lastKnownFileType = file.storyboard; path = highlights.storyboard; sourceTree = "<group>"; };
		0F88AADB2D25AFCD006E4C06 /* Cloudinary1.swift */ = {isa = PBXFileReference; lastKnownFileType = sourcecode.swift; path = Cloudinary1.swift; sourceTree = "<group>"; };
		0F88AADC2D25AFCD006E4C06 /* HiglightList.swift */ = {isa = PBXFileReference; lastKnownFileType = sourcecode.swift; path = HiglightList.swift; sourceTree = "<group>"; };
		0F88AADD2D25AFCD006E4C06 /* OrganizerrPromptViewController.swift */ = {isa = PBXFileReference; lastKnownFileType = sourcecode.swift; path = OrganizerrPromptViewController.swift; sourceTree = "<group>"; };
		0F88AADE2D25AFCD006E4C06 /* PhotoCell.swift */ = {isa = PBXFileReference; lastKnownFileType = sourcecode.swift; path = PhotoCell.swift; sourceTree = "<group>"; };
		0F88AADF2D25AFCD006E4C06 /* PhotosClassViewController.swift */ = {isa = PBXFileReference; lastKnownFileType = sourcecode.swift; path = PhotosClassViewController.swift; sourceTree = "<group>"; };
		0F88AAE02D25AFCD006E4C06 /* SendHighlights.swift */ = {isa = PBXFileReference; lastKnownFileType = sourcecode.swift; path = SendHighlights.swift; sourceTree = "<group>"; };
		6CF9DB962D25F30000C27F91 /* thuraya.storyboard */ = {isa = PBXFileReference; lastKnownFileType = file.storyboard; path = thuraya.storyboard; sourceTree = "<group>"; };
		6CF9DB9A2D25F39300C27F91 /* AddOrganizerVC.swift */ = {isa = PBXFileReference; lastKnownFileType = sourcecode.swift; path = AddOrganizerVC.swift; sourceTree = "<group>"; };
		6CF9DB9E2D25F39D00C27F91 /* CategoriesListVC.swift */ = {isa = PBXFileReference; lastKnownFileType = sourcecode.swift; path = CategoriesListVC.swift; sourceTree = "<group>"; };
		6CF9DBA02D25F3A100C27F91 /* CreateCategoryVC.swift */ = {isa = PBXFileReference; lastKnownFileType = sourcecode.swift; path = CreateCategoryVC.swift; sourceTree = "<group>"; };
		6CF9DBA22D25F3A500C27F91 /* DropdownTextField.swift */ = {isa = PBXFileReference; lastKnownFileType = sourcecode.swift; path = DropdownTextField.swift; sourceTree = "<group>"; };
		6CF9DBA42D25F3A800C27F91 /* EditCategoryVC.swift */ = {isa = PBXFileReference; lastKnownFileType = sourcecode.swift; path = EditCategoryVC.swift; sourceTree = "<group>"; };
		6CF9DBA62D25F3AC00C27F91 /* Extension.swift */ = {isa = PBXFileReference; lastKnownFileType = sourcecode.swift; path = Extension.swift; sourceTree = "<group>"; };
		6CF9DBA82D25F3AF00C27F91 /* FilterVC.swift */ = {isa = PBXFileReference; lastKnownFileType = sourcecode.swift; path = FilterVC.swift; sourceTree = "<group>"; };
		6CF9DBAA2D25F3B900C27F91 /* HomeTabVC.swift */ = {isa = PBXFileReference; lastKnownFileType = sourcecode.swift; path = HomeTabVC.swift; sourceTree = "<group>"; };
		6CF9DBAC2D25F3BD00C27F91 /* LoginVC.swift */ = {isa = PBXFileReference; lastKnownFileType = sourcecode.swift; path = LoginVC.swift; sourceTree = "<group>"; };
		6CF9DBAE2D25F3C100C27F91 /* OrganizerProfileVC.swift */ = {isa = PBXFileReference; lastKnownFileType = sourcecode.swift; path = OrganizerProfileVC.swift; sourceTree = "<group>"; };
		6CF9DBB02D25F40700C27F91 /* OrganizersListVC.swift */ = {isa = PBXFileReference; lastKnownFileType = sourcecode.swift; path = OrganizersListVC.swift; sourceTree = "<group>"; };
		6CF9DBB22D25F40D00C27F91 /* ReportDetailVC.swift */ = {isa = PBXFileReference; lastKnownFileType = sourcecode.swift; path = ReportDetailVC.swift; sourceTree = "<group>"; };
		6CF9DBB42D25F41600C27F91 /* ReportsListVC.swift */ = {isa = PBXFileReference; lastKnownFileType = sourcecode.swift; path = ReportsListVC.swift; sourceTree = "<group>"; };
		6CF9DBB62D25F41900C27F91 /* SavedEventsTabVC.swift */ = {isa = PBXFileReference; lastKnownFileType = sourcecode.swift; path = SavedEventsTabVC.swift; sourceTree = "<group>"; };
		6CF9DBBA2D25F42000C27F91 /* SearchTabVC.swift */ = {isa = PBXFileReference; lastKnownFileType = sourcecode.swift; path = SearchTabVC.swift; sourceTree = "<group>"; };
		6CF9DBBC2D25F42400C27F91 /* SettingsTabVC.swift */ = {isa = PBXFileReference; lastKnownFileType = sourcecode.swift; path = SettingsTabVC.swift; sourceTree = "<group>"; };
		6CF9DBBE2D25F42800C27F91 /* TabBarVC.swift */ = {isa = PBXFileReference; lastKnownFileType = sourcecode.swift; path = TabBarVC.swift; sourceTree = "<group>"; };
		6CF9DBC12D25F44C00C27F91 /* CategoryCell.swift */ = {isa = PBXFileReference; lastKnownFileType = sourcecode.swift; path = CategoryCell.swift; sourceTree = "<group>"; };
		6CF9DBC32D25F44F00C27F91 /* OrganizerCell.swift */ = {isa = PBXFileReference; lastKnownFileType = sourcecode.swift; path = OrganizerCell.swift; sourceTree = "<group>"; };
		6CF9DBC52D25F45100C27F91 /* ReportCell.swift */ = {isa = PBXFileReference; lastKnownFileType = sourcecode.swift; path = ReportCell.swift; sourceTree = "<group>"; };
		6CF9DBC72D25F45300C27F91 /* SavedEventCell.swift */ = {isa = PBXFileReference; lastKnownFileType = sourcecode.swift; path = SavedEventCell.swift; sourceTree = "<group>"; };
		6CF9DBC92D25F46300C27F91 /* Category.swift */ = {isa = PBXFileReference; lastKnownFileType = sourcecode.swift; path = Category.swift; sourceTree = "<group>"; };
		6CF9DBCB2D25F46600C27F91 /* Organizer.swift */ = {isa = PBXFileReference; lastKnownFileType = sourcecode.swift; path = Organizer.swift; sourceTree = "<group>"; };
		6CF9DBCF2D25F80B00C27F91 /* CreateEventTableViewController 2.swift */ = {isa = PBXFileReference; lastKnownFileType = sourcecode.swift; path = "CreateEventTableViewController 2.swift"; sourceTree = "<group>"; };
		6CF9DBD12D25F82400C27F91 /* EventOrgTableViewCell 2.swift */ = {isa = PBXFileReference; lastKnownFileType = sourcecode.swift; path = "EventOrgTableViewCell 2.swift"; sourceTree = "<group>"; };
		BBD5EDAD2D25C5FE00EAB60C /* HomeOrgViewController.swift */ = {isa = PBXFileReference; fileEncoding = 4; lastKnownFileType = sourcecode.swift; path = HomeOrgViewController.swift; sourceTree = "<group>"; };
		BBD5EDAE2D25C5FF00EAB60C /* SearchEventOrgViewController.swift */ = {isa = PBXFileReference; fileEncoding = 4; lastKnownFileType = sourcecode.swift; path = SearchEventOrgViewController.swift; sourceTree = "<group>"; };
		BBD5EDB02D25C60000EAB60C /* EventDetailOrgViewController.swift */ = {isa = PBXFileReference; fileEncoding = 4; lastKnownFileType = sourcecode.swift; path = EventDetailOrgViewController.swift; sourceTree = "<group>"; };
		BBD5EDB12D25C60300EAB60C /* EventDetailOrgTableViewCell.swift */ = {isa = PBXFileReference; fileEncoding = 4; lastKnownFileType = sourcecode.swift; path = EventDetailOrgTableViewCell.swift; sourceTree = "<group>"; };
		BBD5EDB22D25C60400EAB60C /* FilterTableViewController.swift */ = {isa = PBXFileReference; fileEncoding = 4; lastKnownFileType = sourcecode.swift; path = FilterTableViewController.swift; sourceTree = "<group>"; };
		BBD5EDBB2D25C6A500EAB60C /* Cloudinary.swift */ = {isa = PBXFileReference; fileEncoding = 4; lastKnownFileType = sourcecode.swift; path = Cloudinary.swift; sourceTree = "<group>"; };
		BBD5EDBC2D25C6A600EAB60C /* Firebase.swift */ = {isa = PBXFileReference; fileEncoding = 4; lastKnownFileType = sourcecode.swift; path = Firebase.swift; sourceTree = "<group>"; };
		BBD5EDBD2D25C6A600EAB60C /* Event.swift */ = {isa = PBXFileReference; fileEncoding = 4; lastKnownFileType = sourcecode.swift; path = Event.swift; sourceTree = "<group>"; };
		BBD5EDC12D25C83400EAB60C /* EditEventTableViewController.swift */ = {isa = PBXFileReference; fileEncoding = 4; lastKnownFileType = sourcecode.swift; path = EditEventTableViewController.swift; sourceTree = "<group>"; };
		BDDFE9FB2D26071B003689FF /* zainab.storyboard */ = {isa = PBXFileReference; lastKnownFileType = file.storyboard; path = zainab.storyboard; sourceTree = "<group>"; };
		BDDFE9FE2D2607E7003689FF /* UserSettingsViewController.swift */ = {isa = PBXFileReference; fileEncoding = 4; lastKnownFileType = sourcecode.swift; path = UserSettingsViewController.swift; sourceTree = "<group>"; };
		BDDFEA002D2607ED003689FF /* UserLoginViewController.swift */ = {isa = PBXFileReference; fileEncoding = 4; lastKnownFileType = sourcecode.swift; path = UserLoginViewController.swift; sourceTree = "<group>"; };
		BDDFEA022D2607F4003689FF /* UserProfileViewController.swift */ = {isa = PBXFileReference; fileEncoding = 4; lastKnownFileType = sourcecode.swift; path = UserProfileViewController.swift; sourceTree = "<group>"; };
		BDDFEA042D2607FA003689FF /* UserEditProfileViewController.swift */ = {isa = PBXFileReference; fileEncoding = 4; lastKnownFileType = sourcecode.swift; path = UserEditProfileViewController.swift; sourceTree = "<group>"; };
		BDDFEA062D2607FF003689FF /* UserChangePasswordViewController.swift */ = {isa = PBXFileReference; fileEncoding = 4; lastKnownFileType = sourcecode.swift; path = UserChangePasswordViewController.swift; sourceTree = "<group>"; };
		BDDFEA082D260806003689FF /* AdminLoginViewController.swift */ = {isa = PBXFileReference; fileEncoding = 4; lastKnownFileType = sourcecode.swift; path = AdminLoginViewController.swift; sourceTree = "<group>"; };
		BDDFEA0A2D26080B003689FF /* AdminSettingsTableViewController.swift */ = {isa = PBXFileReference; fileEncoding = 4; lastKnownFileType = sourcecode.swift; path = AdminSettingsTableViewController.swift; sourceTree = "<group>"; };
		BDDFEA0C2D260812003689FF /* AdminProfileViewController.swift */ = {isa = PBXFileReference; fileEncoding = 4; lastKnownFileType = sourcecode.swift; path = AdminProfileViewController.swift; sourceTree = "<group>"; };
		BDDFEA0E2D260817003689FF /* AdminChangePasswordViewController.swift */ = {isa = PBXFileReference; fileEncoding = 4; lastKnownFileType = sourcecode.swift; path = AdminChangePasswordViewController.swift; sourceTree = "<group>"; };
		BDDFEA102D26081D003689FF /* AddUserViewController.swift */ = {isa = PBXFileReference; fileEncoding = 4; lastKnownFileType = sourcecode.swift; path = AddUserViewController.swift; sourceTree = "<group>"; };
		BDDFEA122D260823003689FF /* EditUserViewController.swift */ = {isa = PBXFileReference; fileEncoding = 4; lastKnownFileType = sourcecode.swift; path = EditUserViewController.swift; sourceTree = "<group>"; };
		BDDFEA142D260828003689FF /* AddUserTestViewController.swift */ = {isa = PBXFileReference; fileEncoding = 4; lastKnownFileType = sourcecode.swift; path = AddUserTestViewController.swift; sourceTree = "<group>"; };
		BDDFEA162D26082E003689FF /* UserTableViewCell.swift */ = {isa = PBXFileReference; fileEncoding = 4; lastKnownFileType = sourcecode.swift; path = UserTableViewCell.swift; sourceTree = "<group>"; };
		BDDFEA182D260833003689FF /* ViewUsersViewController.swift */ = {isa = PBXFileReference; fileEncoding = 4; lastKnownFileType = sourcecode.swift; path = ViewUsersViewController.swift; sourceTree = "<group>"; };
		BDDFEA1A2D260839003689FF /* UserDetailViewController.swift */ = {isa = PBXFileReference; fileEncoding = 4; lastKnownFileType = sourcecode.swift; path = UserDetailViewController.swift; sourceTree = "<group>"; };
		BDDFEA1C2D26083F003689FF /* AdminEditEventTableViewController.swift */ = {isa = PBXFileReference; fileEncoding = 4; lastKnownFileType = sourcecode.swift; path = AdminEditEventTableViewController.swift; sourceTree = "<group>"; };
		BDDFEA1E2D260845003689FF /* AdminEventDetailOrgTableViewCell.swift */ = {isa = PBXFileReference; fileEncoding = 4; lastKnownFileType = sourcecode.swift; path = AdminEventDetailOrgTableViewCell.swift; sourceTree = "<group>"; };
		BDDFEA222D260858003689FF /* AdminHomeOrgViewController.swift */ = {isa = PBXFileReference; fileEncoding = 4; lastKnownFileType = sourcecode.swift; name = AdminHomeOrgViewController.swift; path = "../../Mine full/Glow_event/Glow_event/AdminHomeOrgViewController.swift"; sourceTree = "<group>"; };
		BDDFEA242D260861003689FF /* AdminEventDetailOrgViewController.swift */ = {isa = PBXFileReference; fileEncoding = 4; lastKnownFileType = sourcecode.swift; path = AdminEventDetailOrgViewController.swift; sourceTree = "<group>"; };
		BDDFEA262D260868003689FF /* AdminFilterTableViewController.swift */ = {isa = PBXFileReference; fileEncoding = 4; lastKnownFileType = sourcecode.swift; path = AdminFilterTableViewController.swift; sourceTree = "<group>"; };
		BDDFEA282D26086E003689FF /* AdminSearchEventOrgViewController.swift */ = {isa = PBXFileReference; fileEncoding = 4; lastKnownFileType = sourcecode.swift; path = AdminSearchEventOrgViewController.swift; sourceTree = "<group>"; };
		BDDFEA2C2D26088B003689FF /* User.swift */ = {isa = PBXFileReference; fileEncoding = 4; lastKnownFileType = sourcecode.swift; path = User.swift; sourceTree = "<group>"; };
		BDDFEA2E2D260890003689FF /* Admin.swift */ = {isa = PBXFileReference; fileEncoding = 4; lastKnownFileType = sourcecode.swift; path = Admin.swift; sourceTree = "<group>"; };
		D0EB8A012D0986ED00D78EC9 /* highlights.storyboard */ = {isa = PBXFileReference; fileEncoding = 4; lastKnownFileType = file.storyboard; path = highlights.storyboard; sourceTree = "<group>"; };
		D0EB8A052D09882900D78EC9 /* Event Browsing and Interest.storyboard */ = {isa = PBXFileReference; fileEncoding = 4; lastKnownFileType = file.storyboard; path = "Event Browsing and Interest.storyboard"; sourceTree = "<group>"; };
		D53D71D72D098E7000B88D24 /* Event_Management.storyboard */ = {isa = PBXFileReference; lastKnownFileType = file.storyboard; path = Event_Management.storyboard; sourceTree = "<group>"; };
		D5BB85532CF45A9C001082C0 /* Glow_event.app */ = {isa = PBXFileReference; explicitFileType = wrapper.application; includeInIndex = 0; path = Glow_event.app; sourceTree = BUILT_PRODUCTS_DIR; };
		D5BB85562CF45A9C001082C0 /* AppDelegate.swift */ = {isa = PBXFileReference; lastKnownFileType = sourcecode.swift; path = AppDelegate.swift; sourceTree = "<group>"; };
		D5BB85582CF45A9C001082C0 /* SceneDelegate.swift */ = {isa = PBXFileReference; lastKnownFileType = sourcecode.swift; path = SceneDelegate.swift; sourceTree = "<group>"; };
		D5BB855D2CF45A9D001082C0 /* Base */ = {isa = PBXFileReference; lastKnownFileType = file.storyboard; name = Base; path = Base.lproj/Main.storyboard; sourceTree = "<group>"; };
		D5BB855F2CF45A9E001082C0 /* Assets.xcassets */ = {isa = PBXFileReference; lastKnownFileType = folder.assetcatalog; path = Assets.xcassets; sourceTree = "<group>"; };
		D5BB85622CF45A9E001082C0 /* Base */ = {isa = PBXFileReference; lastKnownFileType = file.storyboard; name = Base; path = Base.lproj/LaunchScreen.storyboard; sourceTree = "<group>"; };
		D5BB85642CF45A9E001082C0 /* Info.plist */ = {isa = PBXFileReference; lastKnownFileType = text.plist.xml; path = Info.plist; sourceTree = "<group>"; };
		D5F10C9D2CFF4464003F5A5C /* GoogleService-Info.plist */ = {isa = PBXFileReference; fileEncoding = 4; lastKnownFileType = text.plist.xml; path = "GoogleService-Info.plist"; sourceTree = "<group>"; };
/* End PBXFileReference section */

/* Begin PBXFrameworksBuildPhase section */
		D5BB85502CF45A9C001082C0 /* Frameworks */ = {
			isa = PBXFrameworksBuildPhase;
			buildActionMask = 2147483647;
			files = (
				D5A8C8882CF5FC0E004299BC /* FirebaseFirestoreCombine-Community in Frameworks */,
				D5A8C89E2CF5FC0E004299BC /* FirebaseVertexAI in Frameworks */,
				D5A8C88A2CF5FC0E004299BC /* FirebaseFunctions in Frameworks */,
				D5A8C8962CF5FC0E004299BC /* FirebasePerformance in Frameworks */,
				D5A8C89C2CF5FC0E004299BC /* FirebaseStorageCombine-Community in Frameworks */,
				D5A8C8982CF5FC0E004299BC /* FirebaseRemoteConfig in Frameworks */,
				D5A8C8822CF5FC0E004299BC /* FirebaseDatabase in Frameworks */,
				D5A8C8842CF5FC0E004299BC /* FirebaseDynamicLinks in Frameworks */,
				D5A8C8762CF5FC0E004299BC /* FirebaseAppCheck in Frameworks */,
				D5A8C87A2CF5FC0E004299BC /* FirebaseAuth in Frameworks */,
				D5A8C8702CF5FC0E004299BC /* FirebaseAnalytics in Frameworks */,
				D5A8C8862CF5FC0E004299BC /* FirebaseFirestore in Frameworks */,
				D5A8C8942CF5FC0E004299BC /* FirebaseMessaging in Frameworks */,
				D5A8C8902CF5FC0E004299BC /* FirebaseInstallations in Frameworks */,
				D5A8C88C2CF5FC0E004299BC /* FirebaseFunctionsCombine-Community in Frameworks */,
				D5A8C8782CF5FC0E004299BC /* FirebaseAppDistribution-Beta in Frameworks */,
				D5A8C8742CF5FC0E004299BC /* FirebaseAnalyticsWithoutAdIdSupport in Frameworks */,
				D5A8C88E2CF5FC0E004299BC /* FirebaseInAppMessaging-Beta in Frameworks */,
				D5A8C87C2CF5FC0E004299BC /* FirebaseAuthCombine-Community in Frameworks */,
				D5A8C8802CF5FC0E004299BC /* FirebaseCrashlytics in Frameworks */,
				D5A8C8922CF5FC0E004299BC /* FirebaseMLModelDownloader in Frameworks */,
				D5A8C89A2CF5FC0E004299BC /* FirebaseStorage in Frameworks */,
				D5EE64F82D003E0400AE45A4 /* Cloudinary in Frameworks */,
				D5A8C87E2CF5FC0E004299BC /* FirebaseCore in Frameworks */,
				D5A8C8722CF5FC0E004299BC /* FirebaseAnalyticsOnDeviceConversion in Frameworks */,
			);
			runOnlyForDeploymentPostprocessing = 0;
		};
/* End PBXFrameworksBuildPhase section */

/* Begin PBXGroup section */
		6CF9DB572D25F1F400C27F91 /* thuraya_features */ = {
			isa = PBXGroup;
			children = (
				6CF9DBC02D25F43100C27F91 /* Cells */,
				6CF9DB962D25F30000C27F91 /* thuraya.storyboard */,
				6CF9DB992D25F38200C27F91 /* Controllers */,
			);
			path = thuraya_features;
			sourceTree = "<group>";
		};
		6CF9DB992D25F38200C27F91 /* Controllers */ = {
			isa = PBXGroup;
			children = (
				6CF9DB9A2D25F39300C27F91 /* AddOrganizerVC.swift */,
				6CF9DB9E2D25F39D00C27F91 /* CategoriesListVC.swift */,
				6CF9DBA02D25F3A100C27F91 /* CreateCategoryVC.swift */,
				6CF9DBA22D25F3A500C27F91 /* DropdownTextField.swift */,
				6CF9DBA42D25F3A800C27F91 /* EditCategoryVC.swift */,
				6CF9DBA62D25F3AC00C27F91 /* Extension.swift */,
				6CF9DBA82D25F3AF00C27F91 /* FilterVC.swift */,
				6CF9DBAA2D25F3B900C27F91 /* HomeTabVC.swift */,
				6CF9DBAC2D25F3BD00C27F91 /* LoginVC.swift */,
				6CF9DBAE2D25F3C100C27F91 /* OrganizerProfileVC.swift */,
				6CF9DBB02D25F40700C27F91 /* OrganizersListVC.swift */,
				6CF9DBB22D25F40D00C27F91 /* ReportDetailVC.swift */,
				6CF9DBB42D25F41600C27F91 /* ReportsListVC.swift */,
				6CF9DBB62D25F41900C27F91 /* SavedEventsTabVC.swift */,
				6CF9DBBA2D25F42000C27F91 /* SearchTabVC.swift */,
				6CF9DBBC2D25F42400C27F91 /* SettingsTabVC.swift */,
				6CF9DBBE2D25F42800C27F91 /* TabBarVC.swift */,
				6CF9DBC92D25F46300C27F91 /* Category.swift */,
				6CF9DBCB2D25F46600C27F91 /* Organizer.swift */,
			);
			path = Controllers;
			sourceTree = "<group>";
		};
		6CF9DBC02D25F43100C27F91 /* Cells */ = {
			isa = PBXGroup;
			children = (
				6CF9DBC12D25F44C00C27F91 /* CategoryCell.swift */,
				6CF9DBC32D25F44F00C27F91 /* OrganizerCell.swift */,
				6CF9DBC52D25F45100C27F91 /* ReportCell.swift */,
				6CF9DBC72D25F45300C27F91 /* SavedEventCell.swift */,
			);
			path = Cells;
			sourceTree = "<group>";
		};
		BBD5EDA92D25B55C00EAB60C /* ssharmin_features */ = {
			isa = PBXGroup;
			children = (
				0F88AAE02D25AFCD006E4C06 /* SendHighlights.swift */,
				0F88AADF2D25AFCD006E4C06 /* PhotosClassViewController.swift */,
				0F88AADE2D25AFCD006E4C06 /* PhotoCell.swift */,
				0F88AADD2D25AFCD006E4C06 /* OrganizerrPromptViewController.swift */,
				0F88AADC2D25AFCD006E4C06 /* HiglightList.swift */,
				0F88AADB2D25AFCD006E4C06 /* Cloudinary1.swift */,
			);
			name = ssharmin_features;
			sourceTree = "<group>";
		};
		BBD5EDAA2D25C48300EAB60C /* Salman_featurrres */ = {
			isa = PBXGroup;
			children = (
				BBD5EDB12D25C60300EAB60C /* EventDetailOrgTableViewCell.swift */,
				BBD5EDB02D25C60000EAB60C /* EventDetailOrgViewController.swift */,
				6CF9DBCF2D25F80B00C27F91 /* CreateEventTableViewController 2.swift */,
				6CF9DBD12D25F82400C27F91 /* EventOrgTableViewCell 2.swift */,
				BBD5EDC12D25C83400EAB60C /* EditEventTableViewController.swift */,
				BBD5EDB22D25C60400EAB60C /* FilterTableViewController.swift */,
				BBD5EDAD2D25C5FE00EAB60C /* HomeOrgViewController.swift */,
				BBD5EDAE2D25C5FF00EAB60C /* SearchEventOrgViewController.swift */,
			);
			name = Salman_featurrres;
			sourceTree = "<group>";
		};
		BDDFE9FD2D2607B2003689FF /* zainab_features */ = {
			isa = PBXGroup;
			children = (
				BDDFEA282D26086E003689FF /* AdminSearchEventOrgViewController.swift */,
				BDDFEA262D260868003689FF /* AdminFilterTableViewController.swift */,
				BDDFEA242D260861003689FF /* AdminEventDetailOrgViewController.swift */,
				BDDFEA222D260858003689FF /* AdminHomeOrgViewController.swift */,
				BDDFEA1E2D260845003689FF /* AdminEventDetailOrgTableViewCell.swift */,
				BDDFEA1C2D26083F003689FF /* AdminEditEventTableViewController.swift */,
				BDDFEA1A2D260839003689FF /* UserDetailViewController.swift */,
				BDDFEA182D260833003689FF /* ViewUsersViewController.swift */,
				BDDFEA162D26082E003689FF /* UserTableViewCell.swift */,
				BDDFEA142D260828003689FF /* AddUserTestViewController.swift */,
				BDDFEA122D260823003689FF /* EditUserViewController.swift */,
				BDDFEA102D26081D003689FF /* AddUserViewController.swift */,
				BDDFEA0E2D260817003689FF /* AdminChangePasswordViewController.swift */,
				BDDFEA0C2D260812003689FF /* AdminProfileViewController.swift */,
				BDDFEA0A2D26080B003689FF /* AdminSettingsTableViewController.swift */,
				BDDFEA082D260806003689FF /* AdminLoginViewController.swift */,
				BDDFEA062D2607FF003689FF /* UserChangePasswordViewController.swift */,
				BDDFEA042D2607FA003689FF /* UserEditProfileViewController.swift */,
				BDDFEA022D2607F4003689FF /* UserProfileViewController.swift */,
				BDDFEA002D2607ED003689FF /* UserLoginViewController.swift */,
				BDDFE9FE2D2607E7003689FF /* UserSettingsViewController.swift */,
			);
			name = zainab_features;
			sourceTree = "<group>";
		};
		D51AF41A2D09A5BF00002CD4 /* Views */ = {
			isa = PBXGroup;
			children = (
				D0EB8A052D09882900D78EC9 /* Event Browsing and Interest.storyboard */,
				D53D71D72D098E7000B88D24 /* Event_Management.storyboard */,
				D0EB8A012D0986ED00D78EC9 /* highlights.storyboard */,
			);
			path = Views;
			sourceTree = "<group>";
		};
		D51AF41C2D09A7A400002CD4 /* Models */ = {
			isa = PBXGroup;
			children = (
				BDDFEA2E2D260890003689FF /* Admin.swift */,
				BDDFEA2C2D26088B003689FF /* User.swift */,
				BBD5EDBB2D25C6A500EAB60C /* Cloudinary.swift */,
				BBD5EDBD2D25C6A600EAB60C /* Event.swift */,
				BBD5EDBC2D25C6A600EAB60C /* Firebase.swift */,
			);
			path = Models;
			sourceTree = "<group>";
		};
		D5BB854A2CF45A9C001082C0 = {
			isa = PBXGroup;
			children = (
				D5BB85552CF45A9C001082C0 /* Glow_event */,
				D5BB85542CF45A9C001082C0 /* Products */,
			);
			sourceTree = "<group>";
		};
		D5BB85542CF45A9C001082C0 /* Products */ = {
			isa = PBXGroup;
			children = (
				D5BB85532CF45A9C001082C0 /* Glow_event.app */,
			);
			name = Products;
			sourceTree = "<group>";
		};
		D5BB85552CF45A9C001082C0 /* Glow_event */ = {
			isa = PBXGroup;
			children = (
				BDDFE9FD2D2607B2003689FF /* zainab_features */,
				D51AF41C2D09A7A400002CD4 /* Models */,
				BBD5EDAA2D25C48300EAB60C /* Salman_featurrres */,
				BBD5EDA92D25B55C00EAB60C /* ssharmin_features */,
				6CF9DB572D25F1F400C27F91 /* thuraya_features */,
				D51AF41A2D09A5BF00002CD4 /* Views */,
				D5BB85562CF45A9C001082C0 /* AppDelegate.swift */,
				D5BB85582CF45A9C001082C0 /* SceneDelegate.swift */,
				D5F10C9D2CFF4464003F5A5C /* GoogleService-Info.plist */,
				D5BB855C2CF45A9D001082C0 /* Main.storyboard */,
				0F88AACB2D25A969006E4C06 /* highlights.storyboard */,
				D5BB855F2CF45A9E001082C0 /* Assets.xcassets */,
				D5BB85612CF45A9E001082C0 /* LaunchScreen.storyboard */,
				D5BB85642CF45A9E001082C0 /* Info.plist */,
				BDDFE9FB2D26071B003689FF /* zainab.storyboard */,
			);
			path = Glow_event;
			sourceTree = "<group>";
		};
/* End PBXGroup section */

/* Begin PBXNativeTarget section */
		D5BB85522CF45A9C001082C0 /* Glow_event */ = {
			isa = PBXNativeTarget;
			buildConfigurationList = D5BB85672CF45A9E001082C0 /* Build configuration list for PBXNativeTarget "Glow_event" */;
			buildPhases = (
				D5BB854F2CF45A9C001082C0 /* Sources */,
				D5BB85502CF45A9C001082C0 /* Frameworks */,
				D5BB85512CF45A9C001082C0 /* Resources */,
			);
			buildRules = (
			);
			dependencies = (
			);
			name = Glow_event;
			packageProductDependencies = (
				D5A8C86F2CF5FC0E004299BC /* FirebaseAnalytics */,
				D5A8C8712CF5FC0E004299BC /* FirebaseAnalyticsOnDeviceConversion */,
				D5A8C8732CF5FC0E004299BC /* FirebaseAnalyticsWithoutAdIdSupport */,
				D5A8C8752CF5FC0E004299BC /* FirebaseAppCheck */,
				D5A8C8772CF5FC0E004299BC /* FirebaseAppDistribution-Beta */,
				D5A8C8792CF5FC0E004299BC /* FirebaseAuth */,
				D5A8C87B2CF5FC0E004299BC /* FirebaseAuthCombine-Community */,
				D5A8C87D2CF5FC0E004299BC /* FirebaseCore */,
				D5A8C87F2CF5FC0E004299BC /* FirebaseCrashlytics */,
				D5A8C8812CF5FC0E004299BC /* FirebaseDatabase */,
				D5A8C8832CF5FC0E004299BC /* FirebaseDynamicLinks */,
				D5A8C8852CF5FC0E004299BC /* FirebaseFirestore */,
				D5A8C8872CF5FC0E004299BC /* FirebaseFirestoreCombine-Community */,
				D5A8C8892CF5FC0E004299BC /* FirebaseFunctions */,
				D5A8C88B2CF5FC0E004299BC /* FirebaseFunctionsCombine-Community */,
				D5A8C88D2CF5FC0E004299BC /* FirebaseInAppMessaging-Beta */,
				D5A8C88F2CF5FC0E004299BC /* FirebaseInstallations */,
				D5A8C8912CF5FC0E004299BC /* FirebaseMLModelDownloader */,
				D5A8C8932CF5FC0E004299BC /* FirebaseMessaging */,
				D5A8C8952CF5FC0E004299BC /* FirebasePerformance */,
				D5A8C8972CF5FC0E004299BC /* FirebaseRemoteConfig */,
				D5A8C8992CF5FC0E004299BC /* FirebaseStorage */,
				D5A8C89B2CF5FC0E004299BC /* FirebaseStorageCombine-Community */,
				D5A8C89D2CF5FC0E004299BC /* FirebaseVertexAI */,
				D5EE64F72D003E0400AE45A4 /* Cloudinary */,
			);
			productName = Glow_event;
			productReference = D5BB85532CF45A9C001082C0 /* Glow_event.app */;
			productType = "com.apple.product-type.application";
		};
/* End PBXNativeTarget section */

/* Begin PBXProject section */
		D5BB854B2CF45A9C001082C0 /* Project object */ = {
			isa = PBXProject;
			attributes = {
				BuildIndependentTargetsInParallel = 1;
				LastSwiftUpdateCheck = 1520;
				LastUpgradeCheck = 1520;
				TargetAttributes = {
					D5BB85522CF45A9C001082C0 = {
						CreatedOnToolsVersion = 15.2;
					};
				};
			};
			buildConfigurationList = D5BB854E2CF45A9C001082C0 /* Build configuration list for PBXProject "Glow_event" */;
			compatibilityVersion = "Xcode 14.0";
			developmentRegion = en;
			hasScannedForEncodings = 0;
			knownRegions = (
				en,
				Base,
			);
			mainGroup = D5BB854A2CF45A9C001082C0;
			packageReferences = (
				D5A8C86E2CF5FC0E004299BC /* XCRemoteSwiftPackageReference "firebase-ios-sdk" */,
				D5EE64F62D003E0400AE45A4 /* XCRemoteSwiftPackageReference "cloudinary_ios" */,
			);
			productRefGroup = D5BB85542CF45A9C001082C0 /* Products */;
			projectDirPath = "";
			projectRoot = "";
			targets = (
				D5BB85522CF45A9C001082C0 /* Glow_event */,
			);
		};
/* End PBXProject section */

/* Begin PBXResourcesBuildPhase section */
		D5BB85512CF45A9C001082C0 /* Resources */ = {
			isa = PBXResourcesBuildPhase;
			buildActionMask = 2147483647;
			files = (
				D53D71D82D098E7000B88D24 /* Event_Management.storyboard in Resources */,
				D5BB85632CF45A9E001082C0 /* LaunchScreen.storyboard in Resources */,
				D0EB8A062D09882900D78EC9 /* Event Browsing and Interest.storyboard in Resources */,
				D5BB85602CF45A9E001082C0 /* Assets.xcassets in Resources */,
				D0EB8A022D0986ED00D78EC9 /* highlights.storyboard in Resources */,
				D5F10C9E2CFF4464003F5A5C /* GoogleService-Info.plist in Resources */,
				BDDFE9FC2D26071B003689FF /* zainab.storyboard in Resources */,
				D5BB855E2CF45A9D001082C0 /* Main.storyboard in Resources */,
				6CF9DB972D25F30000C27F91 /* thuraya.storyboard in Resources */,
			);
			runOnlyForDeploymentPostprocessing = 0;
		};
/* End PBXResourcesBuildPhase section */

/* Begin PBXSourcesBuildPhase section */
		D5BB854F2CF45A9C001082C0 /* Sources */ = {
			isa = PBXSourcesBuildPhase;
			buildActionMask = 2147483647;
			files = (
				BBD5EDB32D25C60400EAB60C /* HomeOrgViewController.swift in Sources */,
				6CF9DBD02D25F80B00C27F91 /* CreateEventTableViewController 2.swift in Sources */,
				6CF9DBC22D25F44C00C27F91 /* CategoryCell.swift in Sources */,
				6CF9DBA52D25F3A800C27F91 /* EditCategoryVC.swift in Sources */,
				6CF9DBBF2D25F42800C27F91 /* TabBarVC.swift in Sources */,
				BDDFEA0B2D26080B003689FF /* AdminSettingsTableViewController.swift in Sources */,
				6CF9DBCC2D25F46600C27F91 /* Organizer.swift in Sources */,
				6CF9DBBB2D25F42000C27F91 /* SearchTabVC.swift in Sources */,
				6CF9DBB72D25F41900C27F91 /* SavedEventsTabVC.swift in Sources */,
				6CF9DBC82D25F45300C27F91 /* SavedEventCell.swift in Sources */,
				BDDFEA0F2D260817003689FF /* AdminChangePasswordViewController.swift in Sources */,
				6CF9DBA92D25F3AF00C27F91 /* FilterVC.swift in Sources */,
				6CF9DBB32D25F40D00C27F91 /* ReportDetailVC.swift in Sources */,
				BBD5EDB72D25C60400EAB60C /* EventDetailOrgTableViewCell.swift in Sources */,
				BBD5EDBF2D25C6A700EAB60C /* Firebase.swift in Sources */,
				BDDFEA0D2D260812003689FF /* AdminProfileViewController.swift in Sources */,
				6CF9DBBD2D25F42400C27F91 /* SettingsTabVC.swift in Sources */,
				6CF9DBA12D25F3A100C27F91 /* CreateCategoryVC.swift in Sources */,
				BBD5EDB62D25C60400EAB60C /* EventDetailOrgViewController.swift in Sources */,
				BDDFEA1F2D260845003689FF /* AdminEventDetailOrgTableViewCell.swift in Sources */,
				BDDFEA132D260823003689FF /* EditUserViewController.swift in Sources */,
				BDDFEA232D260858003689FF /* AdminHomeOrgViewController.swift in Sources */,
				BDDFEA032D2607F4003689FF /* UserProfileViewController.swift in Sources */,
				6CF9DB9F2D25F39D00C27F91 /* CategoriesListVC.swift in Sources */,
				BDDFEA072D2607FF003689FF /* UserChangePasswordViewController.swift in Sources */,
				6CF9DBA72D25F3AC00C27F91 /* Extension.swift in Sources */,
				BDDFEA1D2D26083F003689FF /* AdminEditEventTableViewController.swift in Sources */,
				BDDFEA172D26082E003689FF /* UserTableViewCell.swift in Sources */,
				6CF9DBA32D25F3A500C27F91 /* DropdownTextField.swift in Sources */,
				6CF9DBAF2D25F3C100C27F91 /* OrganizerProfileVC.swift in Sources */,
				BBD5EDBE2D25C6A700EAB60C /* Cloudinary.swift in Sources */,
				BDDFEA2D2D26088B003689FF /* User.swift in Sources */,
				0F88AAE12D25AFCD006E4C06 /* PhotosClassViewController.swift in Sources */,
				0F88AAE22D25AFCD006E4C06 /* HiglightList.swift in Sources */,
				BDDFEA012D2607ED003689FF /* UserLoginViewController.swift in Sources */,
				0F88AAE32D25AFCD006E4C06 /* SendHighlights.swift in Sources */,
				6CF9DBB52D25F41600C27F91 /* ReportsListVC.swift in Sources */,
				6CF9DBAD2D25F3BD00C27F91 /* LoginVC.swift in Sources */,
				BBD5EDC02D25C6A700EAB60C /* Event.swift in Sources */,
				BDDFEA1B2D260839003689FF /* UserDetailViewController.swift in Sources */,
				BDDFEA112D26081D003689FF /* AddUserViewController.swift in Sources */,
				BDDFEA152D260828003689FF /* AddUserTestViewController.swift in Sources */,
				0F88AAE42D25AFCD006E4C06 /* PhotoCell.swift in Sources */,
				BDDFEA292D26086E003689FF /* AdminSearchEventOrgViewController.swift in Sources */,
				0F88AAE52D25AFCD006E4C06 /* Cloudinary1.swift in Sources */,
				6CF9DBAB2D25F3B900C27F91 /* HomeTabVC.swift in Sources */,
				0F88AAE62D25AFCD006E4C06 /* OrganizerrPromptViewController.swift in Sources */,
				6CF9DB9B2D25F39300C27F91 /* AddOrganizerVC.swift in Sources */,
				BBD5EDB82D25C60400EAB60C /* FilterTableViewController.swift in Sources */,
				BDDFEA252D260861003689FF /* AdminEventDetailOrgViewController.swift in Sources */,
				6CF9DBC42D25F44F00C27F91 /* OrganizerCell.swift in Sources */,
				BBD5EDC22D25C83500EAB60C /* EditEventTableViewController.swift in Sources */,
				D5BB85572CF45A9C001082C0 /* AppDelegate.swift in Sources */,
				6CF9DBD22D25F82400C27F91 /* EventOrgTableViewCell 2.swift in Sources */,
				BBD5EDB42D25C60400EAB60C /* SearchEventOrgViewController.swift in Sources */,
				BDDFEA2F2D260890003689FF /* Admin.swift in Sources */,
				BDDFE9FF2D2607E7003689FF /* UserSettingsViewController.swift in Sources */,
				BDDFEA092D260806003689FF /* AdminLoginViewController.swift in Sources */,
				BDDFEA272D260868003689FF /* AdminFilterTableViewController.swift in Sources */,
				6CF9DBB12D25F40700C27F91 /* OrganizersListVC.swift in Sources */,
				D5BB85592CF45A9C001082C0 /* SceneDelegate.swift in Sources */,
				BDDFEA192D260834003689FF /* ViewUsersViewController.swift in Sources */,
				6CF9DBC62D25F45100C27F91 /* ReportCell.swift in Sources */,
				6CF9DBCA2D25F46300C27F91 /* Category.swift in Sources */,
				BDDFEA052D2607FA003689FF /* UserEditProfileViewController.swift in Sources */,
			);
			runOnlyForDeploymentPostprocessing = 0;
		};
/* End PBXSourcesBuildPhase section */

/* Begin PBXVariantGroup section */
		D5BB855C2CF45A9D001082C0 /* Main.storyboard */ = {
			isa = PBXVariantGroup;
			children = (
				D5BB855D2CF45A9D001082C0 /* Base */,
			);
			name = Main.storyboard;
			sourceTree = "<group>";
		};
		D5BB85612CF45A9E001082C0 /* LaunchScreen.storyboard */ = {
			isa = PBXVariantGroup;
			children = (
				D5BB85622CF45A9E001082C0 /* Base */,
			);
			name = LaunchScreen.storyboard;
			sourceTree = "<group>";
		};
/* End PBXVariantGroup section */

/* Begin XCBuildConfiguration section */
		D5BB85652CF45A9E001082C0 /* Debug */ = {
			isa = XCBuildConfiguration;
			buildSettings = {
				ALWAYS_SEARCH_USER_PATHS = NO;
				ASSETCATALOG_COMPILER_GENERATE_SWIFT_ASSET_SYMBOL_EXTENSIONS = YES;
				CLANG_ANALYZER_NONNULL = YES;
				CLANG_ANALYZER_NUMBER_OBJECT_CONVERSION = YES_AGGRESSIVE;
				CLANG_CXX_LANGUAGE_STANDARD = "gnu++20";
				CLANG_ENABLE_MODULES = YES;
				CLANG_ENABLE_OBJC_ARC = YES;
				CLANG_ENABLE_OBJC_WEAK = YES;
				CLANG_WARN_BLOCK_CAPTURE_AUTORELEASING = YES;
				CLANG_WARN_BOOL_CONVERSION = YES;
				CLANG_WARN_COMMA = YES;
				CLANG_WARN_CONSTANT_CONVERSION = YES;
				CLANG_WARN_DEPRECATED_OBJC_IMPLEMENTATIONS = YES;
				CLANG_WARN_DIRECT_OBJC_ISA_USAGE = YES_ERROR;
				CLANG_WARN_DOCUMENTATION_COMMENTS = YES;
				CLANG_WARN_EMPTY_BODY = YES;
				CLANG_WARN_ENUM_CONVERSION = YES;
				CLANG_WARN_INFINITE_RECURSION = YES;
				CLANG_WARN_INT_CONVERSION = YES;
				CLANG_WARN_NON_LITERAL_NULL_CONVERSION = YES;
				CLANG_WARN_OBJC_IMPLICIT_RETAIN_SELF = YES;
				CLANG_WARN_OBJC_LITERAL_CONVERSION = YES;
				CLANG_WARN_OBJC_ROOT_CLASS = YES_ERROR;
				CLANG_WARN_QUOTED_INCLUDE_IN_FRAMEWORK_HEADER = YES;
				CLANG_WARN_RANGE_LOOP_ANALYSIS = YES;
				CLANG_WARN_STRICT_PROTOTYPES = YES;
				CLANG_WARN_SUSPICIOUS_MOVE = YES;
				CLANG_WARN_UNGUARDED_AVAILABILITY = YES_AGGRESSIVE;
				CLANG_WARN_UNREACHABLE_CODE = YES;
				CLANG_WARN__DUPLICATE_METHOD_MATCH = YES;
				COPY_PHASE_STRIP = NO;
				DEBUG_INFORMATION_FORMAT = dwarf;
				ENABLE_STRICT_OBJC_MSGSEND = YES;
				ENABLE_TESTABILITY = YES;
				ENABLE_USER_SCRIPT_SANDBOXING = YES;
				GCC_C_LANGUAGE_STANDARD = gnu17;
				GCC_DYNAMIC_NO_PIC = NO;
				GCC_NO_COMMON_BLOCKS = YES;
				GCC_OPTIMIZATION_LEVEL = 0;
				GCC_PREPROCESSOR_DEFINITIONS = (
					"DEBUG=1",
					"$(inherited)",
				);
				GCC_WARN_64_TO_32_BIT_CONVERSION = YES;
				GCC_WARN_ABOUT_RETURN_TYPE = YES_ERROR;
				GCC_WARN_UNDECLARED_SELECTOR = YES;
				GCC_WARN_UNINITIALIZED_AUTOS = YES_AGGRESSIVE;
				GCC_WARN_UNUSED_FUNCTION = YES;
				GCC_WARN_UNUSED_VARIABLE = YES;
				IPHONEOS_DEPLOYMENT_TARGET = 17.2;
				LOCALIZATION_PREFERS_STRING_CATALOGS = YES;
				MTL_ENABLE_DEBUG_INFO = INCLUDE_SOURCE;
				MTL_FAST_MATH = YES;
				ONLY_ACTIVE_ARCH = YES;
				SDKROOT = iphoneos;
				SWIFT_ACTIVE_COMPILATION_CONDITIONS = "DEBUG $(inherited)";
				SWIFT_OPTIMIZATION_LEVEL = "-Onone";
			};
			name = Debug;
		};
		D5BB85662CF45A9E001082C0 /* Release */ = {
			isa = XCBuildConfiguration;
			buildSettings = {
				ALWAYS_SEARCH_USER_PATHS = NO;
				ASSETCATALOG_COMPILER_GENERATE_SWIFT_ASSET_SYMBOL_EXTENSIONS = YES;
				CLANG_ANALYZER_NONNULL = YES;
				CLANG_ANALYZER_NUMBER_OBJECT_CONVERSION = YES_AGGRESSIVE;
				CLANG_CXX_LANGUAGE_STANDARD = "gnu++20";
				CLANG_ENABLE_MODULES = YES;
				CLANG_ENABLE_OBJC_ARC = YES;
				CLANG_ENABLE_OBJC_WEAK = YES;
				CLANG_WARN_BLOCK_CAPTURE_AUTORELEASING = YES;
				CLANG_WARN_BOOL_CONVERSION = YES;
				CLANG_WARN_COMMA = YES;
				CLANG_WARN_CONSTANT_CONVERSION = YES;
				CLANG_WARN_DEPRECATED_OBJC_IMPLEMENTATIONS = YES;
				CLANG_WARN_DIRECT_OBJC_ISA_USAGE = YES_ERROR;
				CLANG_WARN_DOCUMENTATION_COMMENTS = YES;
				CLANG_WARN_EMPTY_BODY = YES;
				CLANG_WARN_ENUM_CONVERSION = YES;
				CLANG_WARN_INFINITE_RECURSION = YES;
				CLANG_WARN_INT_CONVERSION = YES;
				CLANG_WARN_NON_LITERAL_NULL_CONVERSION = YES;
				CLANG_WARN_OBJC_IMPLICIT_RETAIN_SELF = YES;
				CLANG_WARN_OBJC_LITERAL_CONVERSION = YES;
				CLANG_WARN_OBJC_ROOT_CLASS = YES_ERROR;
				CLANG_WARN_QUOTED_INCLUDE_IN_FRAMEWORK_HEADER = YES;
				CLANG_WARN_RANGE_LOOP_ANALYSIS = YES;
				CLANG_WARN_STRICT_PROTOTYPES = YES;
				CLANG_WARN_SUSPICIOUS_MOVE = YES;
				CLANG_WARN_UNGUARDED_AVAILABILITY = YES_AGGRESSIVE;
				CLANG_WARN_UNREACHABLE_CODE = YES;
				CLANG_WARN__DUPLICATE_METHOD_MATCH = YES;
				COPY_PHASE_STRIP = NO;
				DEBUG_INFORMATION_FORMAT = "dwarf-with-dsym";
				ENABLE_NS_ASSERTIONS = NO;
				ENABLE_STRICT_OBJC_MSGSEND = YES;
				ENABLE_USER_SCRIPT_SANDBOXING = YES;
				GCC_C_LANGUAGE_STANDARD = gnu17;
				GCC_NO_COMMON_BLOCKS = YES;
				GCC_WARN_64_TO_32_BIT_CONVERSION = YES;
				GCC_WARN_ABOUT_RETURN_TYPE = YES_ERROR;
				GCC_WARN_UNDECLARED_SELECTOR = YES;
				GCC_WARN_UNINITIALIZED_AUTOS = YES_AGGRESSIVE;
				GCC_WARN_UNUSED_FUNCTION = YES;
				GCC_WARN_UNUSED_VARIABLE = YES;
				IPHONEOS_DEPLOYMENT_TARGET = 17.2;
				LOCALIZATION_PREFERS_STRING_CATALOGS = YES;
				MTL_ENABLE_DEBUG_INFO = NO;
				MTL_FAST_MATH = YES;
				SDKROOT = iphoneos;
				SWIFT_COMPILATION_MODE = wholemodule;
				VALIDATE_PRODUCT = YES;
			};
			name = Release;
		};
		D5BB85682CF45A9E001082C0 /* Debug */ = {
			isa = XCBuildConfiguration;
			buildSettings = {
				ASSETCATALOG_COMPILER_APPICON_NAME = AppIcon;
				ASSETCATALOG_COMPILER_GLOBAL_ACCENT_COLOR_NAME = AccentColor;
				CODE_SIGN_STYLE = Automatic;
				CURRENT_PROJECT_VERSION = 1;
				GENERATE_INFOPLIST_FILE = YES;
				INFOPLIST_FILE = Glow_event/Info.plist;
				INFOPLIST_KEY_UIApplicationSupportsIndirectInputEvents = YES;
				INFOPLIST_KEY_UILaunchStoryboardName = LaunchScreen;
				INFOPLIST_KEY_UIMainStoryboardFile = Main;
				INFOPLIST_KEY_UISupportedInterfaceOrientations_iPad = "UIInterfaceOrientationPortrait UIInterfaceOrientationPortraitUpsideDown UIInterfaceOrientationLandscapeLeft UIInterfaceOrientationLandscapeRight";
				INFOPLIST_KEY_UISupportedInterfaceOrientations_iPhone = "UIInterfaceOrientationPortrait UIInterfaceOrientationLandscapeLeft UIInterfaceOrientationLandscapeRight";
				LD_RUNPATH_SEARCH_PATHS = (
					"$(inherited)",
					"@executable_path/Frameworks",
				);
				MARKETING_VERSION = 1.0;
				PRODUCT_BUNDLE_IDENTIFIER = "ll.Glow-event";
				PRODUCT_NAME = "$(TARGET_NAME)";
				SWIFT_EMIT_LOC_STRINGS = YES;
				SWIFT_VERSION = 5.0;
				TARGETED_DEVICE_FAMILY = "1,2";
			};
			name = Debug;
		};
		D5BB85692CF45A9E001082C0 /* Release */ = {
			isa = XCBuildConfiguration;
			buildSettings = {
				ASSETCATALOG_COMPILER_APPICON_NAME = AppIcon;
				ASSETCATALOG_COMPILER_GLOBAL_ACCENT_COLOR_NAME = AccentColor;
				CODE_SIGN_STYLE = Automatic;
				CURRENT_PROJECT_VERSION = 1;
				GENERATE_INFOPLIST_FILE = YES;
				INFOPLIST_FILE = Glow_event/Info.plist;
				INFOPLIST_KEY_UIApplicationSupportsIndirectInputEvents = YES;
				INFOPLIST_KEY_UILaunchStoryboardName = LaunchScreen;
				INFOPLIST_KEY_UIMainStoryboardFile = Main;
				INFOPLIST_KEY_UISupportedInterfaceOrientations_iPad = "UIInterfaceOrientationPortrait UIInterfaceOrientationPortraitUpsideDown UIInterfaceOrientationLandscapeLeft UIInterfaceOrientationLandscapeRight";
				INFOPLIST_KEY_UISupportedInterfaceOrientations_iPhone = "UIInterfaceOrientationPortrait UIInterfaceOrientationLandscapeLeft UIInterfaceOrientationLandscapeRight";
				LD_RUNPATH_SEARCH_PATHS = (
					"$(inherited)",
					"@executable_path/Frameworks",
				);
				MARKETING_VERSION = 1.0;
				PRODUCT_BUNDLE_IDENTIFIER = "ll.Glow-event";
				PRODUCT_NAME = "$(TARGET_NAME)";
				SWIFT_EMIT_LOC_STRINGS = YES;
				SWIFT_VERSION = 5.0;
				TARGETED_DEVICE_FAMILY = "1,2";
			};
			name = Release;
		};
/* End XCBuildConfiguration section */

/* Begin XCConfigurationList section */
		D5BB854E2CF45A9C001082C0 /* Build configuration list for PBXProject "Glow_event" */ = {
			isa = XCConfigurationList;
			buildConfigurations = (
				D5BB85652CF45A9E001082C0 /* Debug */,
				D5BB85662CF45A9E001082C0 /* Release */,
			);
			defaultConfigurationIsVisible = 0;
			defaultConfigurationName = Release;
		};
		D5BB85672CF45A9E001082C0 /* Build configuration list for PBXNativeTarget "Glow_event" */ = {
			isa = XCConfigurationList;
			buildConfigurations = (
				D5BB85682CF45A9E001082C0 /* Debug */,
				D5BB85692CF45A9E001082C0 /* Release */,
			);
			defaultConfigurationIsVisible = 0;
			defaultConfigurationName = Release;
		};
/* End XCConfigurationList section */

/* Begin XCRemoteSwiftPackageReference section */
		D5A8C86E2CF5FC0E004299BC /* XCRemoteSwiftPackageReference "firebase-ios-sdk" */ = {
			isa = XCRemoteSwiftPackageReference;
			repositoryURL = "https://github.com/firebase/firebase-ios-sdk";
			requirement = {
				kind = upToNextMajorVersion;
				minimumVersion = 11.5.0;
			};
		};
		D5EE64F62D003E0400AE45A4 /* XCRemoteSwiftPackageReference "cloudinary_ios" */ = {
			isa = XCRemoteSwiftPackageReference;
			repositoryURL = "https://github.com/cloudinary/cloudinary_ios.git";
			requirement = {
				kind = upToNextMajorVersion;
				minimumVersion = 5.0.0;
			};
		};
/* End XCRemoteSwiftPackageReference section */

/* Begin XCSwiftPackageProductDependency section */
		D5A8C86F2CF5FC0E004299BC /* FirebaseAnalytics */ = {
			isa = XCSwiftPackageProductDependency;
			package = D5A8C86E2CF5FC0E004299BC /* XCRemoteSwiftPackageReference "firebase-ios-sdk" */;
			productName = FirebaseAnalytics;
		};
		D5A8C8712CF5FC0E004299BC /* FirebaseAnalyticsOnDeviceConversion */ = {
			isa = XCSwiftPackageProductDependency;
			package = D5A8C86E2CF5FC0E004299BC /* XCRemoteSwiftPackageReference "firebase-ios-sdk" */;
			productName = FirebaseAnalyticsOnDeviceConversion;
		};
		D5A8C8732CF5FC0E004299BC /* FirebaseAnalyticsWithoutAdIdSupport */ = {
			isa = XCSwiftPackageProductDependency;
			package = D5A8C86E2CF5FC0E004299BC /* XCRemoteSwiftPackageReference "firebase-ios-sdk" */;
			productName = FirebaseAnalyticsWithoutAdIdSupport;
		};
		D5A8C8752CF5FC0E004299BC /* FirebaseAppCheck */ = {
			isa = XCSwiftPackageProductDependency;
			package = D5A8C86E2CF5FC0E004299BC /* XCRemoteSwiftPackageReference "firebase-ios-sdk" */;
			productName = FirebaseAppCheck;
		};
		D5A8C8772CF5FC0E004299BC /* FirebaseAppDistribution-Beta */ = {
			isa = XCSwiftPackageProductDependency;
			package = D5A8C86E2CF5FC0E004299BC /* XCRemoteSwiftPackageReference "firebase-ios-sdk" */;
			productName = "FirebaseAppDistribution-Beta";
		};
		D5A8C8792CF5FC0E004299BC /* FirebaseAuth */ = {
			isa = XCSwiftPackageProductDependency;
			package = D5A8C86E2CF5FC0E004299BC /* XCRemoteSwiftPackageReference "firebase-ios-sdk" */;
			productName = FirebaseAuth;
		};
		D5A8C87B2CF5FC0E004299BC /* FirebaseAuthCombine-Community */ = {
			isa = XCSwiftPackageProductDependency;
			package = D5A8C86E2CF5FC0E004299BC /* XCRemoteSwiftPackageReference "firebase-ios-sdk" */;
			productName = "FirebaseAuthCombine-Community";
		};
		D5A8C87D2CF5FC0E004299BC /* FirebaseCore */ = {
			isa = XCSwiftPackageProductDependency;
			package = D5A8C86E2CF5FC0E004299BC /* XCRemoteSwiftPackageReference "firebase-ios-sdk" */;
			productName = FirebaseCore;
		};
		D5A8C87F2CF5FC0E004299BC /* FirebaseCrashlytics */ = {
			isa = XCSwiftPackageProductDependency;
			package = D5A8C86E2CF5FC0E004299BC /* XCRemoteSwiftPackageReference "firebase-ios-sdk" */;
			productName = FirebaseCrashlytics;
		};
		D5A8C8812CF5FC0E004299BC /* FirebaseDatabase */ = {
			isa = XCSwiftPackageProductDependency;
			package = D5A8C86E2CF5FC0E004299BC /* XCRemoteSwiftPackageReference "firebase-ios-sdk" */;
			productName = FirebaseDatabase;
		};
		D5A8C8832CF5FC0E004299BC /* FirebaseDynamicLinks */ = {
			isa = XCSwiftPackageProductDependency;
			package = D5A8C86E2CF5FC0E004299BC /* XCRemoteSwiftPackageReference "firebase-ios-sdk" */;
			productName = FirebaseDynamicLinks;
		};
		D5A8C8852CF5FC0E004299BC /* FirebaseFirestore */ = {
			isa = XCSwiftPackageProductDependency;
			package = D5A8C86E2CF5FC0E004299BC /* XCRemoteSwiftPackageReference "firebase-ios-sdk" */;
			productName = FirebaseFirestore;
		};
		D5A8C8872CF5FC0E004299BC /* FirebaseFirestoreCombine-Community */ = {
			isa = XCSwiftPackageProductDependency;
			package = D5A8C86E2CF5FC0E004299BC /* XCRemoteSwiftPackageReference "firebase-ios-sdk" */;
			productName = "FirebaseFirestoreCombine-Community";
		};
		D5A8C8892CF5FC0E004299BC /* FirebaseFunctions */ = {
			isa = XCSwiftPackageProductDependency;
			package = D5A8C86E2CF5FC0E004299BC /* XCRemoteSwiftPackageReference "firebase-ios-sdk" */;
			productName = FirebaseFunctions;
		};
		D5A8C88B2CF5FC0E004299BC /* FirebaseFunctionsCombine-Community */ = {
			isa = XCSwiftPackageProductDependency;
			package = D5A8C86E2CF5FC0E004299BC /* XCRemoteSwiftPackageReference "firebase-ios-sdk" */;
			productName = "FirebaseFunctionsCombine-Community";
		};
		D5A8C88D2CF5FC0E004299BC /* FirebaseInAppMessaging-Beta */ = {
			isa = XCSwiftPackageProductDependency;
			package = D5A8C86E2CF5FC0E004299BC /* XCRemoteSwiftPackageReference "firebase-ios-sdk" */;
			productName = "FirebaseInAppMessaging-Beta";
		};
		D5A8C88F2CF5FC0E004299BC /* FirebaseInstallations */ = {
			isa = XCSwiftPackageProductDependency;
			package = D5A8C86E2CF5FC0E004299BC /* XCRemoteSwiftPackageReference "firebase-ios-sdk" */;
			productName = FirebaseInstallations;
		};
		D5A8C8912CF5FC0E004299BC /* FirebaseMLModelDownloader */ = {
			isa = XCSwiftPackageProductDependency;
			package = D5A8C86E2CF5FC0E004299BC /* XCRemoteSwiftPackageReference "firebase-ios-sdk" */;
			productName = FirebaseMLModelDownloader;
		};
		D5A8C8932CF5FC0E004299BC /* FirebaseMessaging */ = {
			isa = XCSwiftPackageProductDependency;
			package = D5A8C86E2CF5FC0E004299BC /* XCRemoteSwiftPackageReference "firebase-ios-sdk" */;
			productName = FirebaseMessaging;
		};
		D5A8C8952CF5FC0E004299BC /* FirebasePerformance */ = {
			isa = XCSwiftPackageProductDependency;
			package = D5A8C86E2CF5FC0E004299BC /* XCRemoteSwiftPackageReference "firebase-ios-sdk" */;
			productName = FirebasePerformance;
		};
		D5A8C8972CF5FC0E004299BC /* FirebaseRemoteConfig */ = {
			isa = XCSwiftPackageProductDependency;
			package = D5A8C86E2CF5FC0E004299BC /* XCRemoteSwiftPackageReference "firebase-ios-sdk" */;
			productName = FirebaseRemoteConfig;
		};
		D5A8C8992CF5FC0E004299BC /* FirebaseStorage */ = {
			isa = XCSwiftPackageProductDependency;
			package = D5A8C86E2CF5FC0E004299BC /* XCRemoteSwiftPackageReference "firebase-ios-sdk" */;
			productName = FirebaseStorage;
		};
		D5A8C89B2CF5FC0E004299BC /* FirebaseStorageCombine-Community */ = {
			isa = XCSwiftPackageProductDependency;
			package = D5A8C86E2CF5FC0E004299BC /* XCRemoteSwiftPackageReference "firebase-ios-sdk" */;
			productName = "FirebaseStorageCombine-Community";
		};
		D5A8C89D2CF5FC0E004299BC /* FirebaseVertexAI */ = {
			isa = XCSwiftPackageProductDependency;
			package = D5A8C86E2CF5FC0E004299BC /* XCRemoteSwiftPackageReference "firebase-ios-sdk" */;
			productName = FirebaseVertexAI;
		};
		D5EE64F72D003E0400AE45A4 /* Cloudinary */ = {
			isa = XCSwiftPackageProductDependency;
			package = D5EE64F62D003E0400AE45A4 /* XCRemoteSwiftPackageReference "cloudinary_ios" */;
			productName = Cloudinary;
		};
/* End XCSwiftPackageProductDependency section */
	};
	rootObject = D5BB854B2CF45A9C001082C0 /* Project object */;
}
